// !$*UTF8*$!
{
	archiveVersion = 1;
	classes = {
	};
	objectVersion = 50;
	objects = {

/* Begin PBXBuildFile section */
		A063DB84246C377F0030ED21 /* AppDelegate.swift in Sources */ = {isa = PBXBuildFile; fileRef = A063DB83246C377F0030ED21 /* AppDelegate.swift */; };
		A063DB86246C377F0030ED21 /* SceneDelegate.swift in Sources */ = {isa = PBXBuildFile; fileRef = A063DB85246C377F0030ED21 /* SceneDelegate.swift */; };
		A063DB88246C377F0030ED21 /* ContentView.swift in Sources */ = {isa = PBXBuildFile; fileRef = A063DB87246C377F0030ED21 /* ContentView.swift */; };
		A063DB8A246C37800030ED21 /* Assets.xcassets in Resources */ = {isa = PBXBuildFile; fileRef = A063DB89246C37800030ED21 /* Assets.xcassets */; };
		A063DB8D246C37800030ED21 /* Preview Assets.xcassets in Resources */ = {isa = PBXBuildFile; fileRef = A063DB8C246C37800030ED21 /* Preview Assets.xcassets */; };
		A063DB90246C37800030ED21 /* LaunchScreen.storyboard in Resources */ = {isa = PBXBuildFile; fileRef = A063DB8E246C37800030ED21 /* LaunchScreen.storyboard */; };
		A063DB99246C37AD0030ED21 /* Weather.swift in Sources */ = {isa = PBXBuildFile; fileRef = A063DB98246C37AD0030ED21 /* Weather.swift */; };
		A063DB9C246C38370030ED21 /* WeatherService.swift in Sources */ = {isa = PBXBuildFile; fileRef = A063DB9B246C38370030ED21 /* WeatherService.swift */; };
		A063DB9F246C3AE50030ED21 /* WeatherViewModel.swift in Sources */ = {isa = PBXBuildFile; fileRef = A063DB9E246C3AE50030ED21 /* WeatherViewModel.swift */; };
/* End PBXBuildFile section */

/* Begin PBXFileReference section */
		A063DB80246C377F0030ED21 /* OpenWeather.app */ = {isa = PBXFileReference; explicitFileType = wrapper.application; includeInIndex = 0; path = OpenWeather.app; sourceTree = BUILT_PRODUCTS_DIR; };
		A063DB83246C377F0030ED21 /* AppDelegate.swift */ = {isa = PBXFileReference; lastKnownFileType = sourcecode.swift; path = AppDelegate.swift; sourceTree = "<group>"; };
		A063DB85246C377F0030ED21 /* SceneDelegate.swift */ = {isa = PBXFileReference; lastKnownFileType = sourcecode.swift; path = SceneDelegate.swift; sourceTree = "<group>"; };
		A063DB87246C377F0030ED21 /* ContentView.swift */ = {isa = PBXFileReference; lastKnownFileType = sourcecode.swift; path = ContentView.swift; sourceTree = "<group>"; };
		A063DB89246C37800030ED21 /* Assets.xcassets */ = {isa = PBXFileReference; lastKnownFileType = folder.assetcatalog; path = Assets.xcassets; sourceTree = "<group>"; };
		A063DB8C246C37800030ED21 /* Preview Assets.xcassets */ = {isa = PBXFileReference; lastKnownFileType = folder.assetcatalog; path = "Preview Assets.xcassets"; sourceTree = "<group>"; };
		A063DB8F246C37800030ED21 /* Base */ = {isa = PBXFileReference; lastKnownFileType = file.storyboard; name = Base; path = Base.lproj/LaunchScreen.storyboard; sourceTree = "<group>"; };
		A063DB91246C37800030ED21 /* Info.plist */ = {isa = PBXFileReference; lastKnownFileType = text.plist.xml; path = Info.plist; sourceTree = "<group>"; };
		A063DB98246C37AD0030ED21 /* Weather.swift */ = {isa = PBXFileReference; lastKnownFileType = sourcecode.swift; path = Weather.swift; sourceTree = "<group>"; };
		A063DB9B246C38370030ED21 /* WeatherService.swift */ = {isa = PBXFileReference; lastKnownFileType = sourcecode.swift; path = WeatherService.swift; sourceTree = "<group>"; };
		A063DB9E246C3AE50030ED21 /* WeatherViewModel.swift */ = {isa = PBXFileReference; lastKnownFileType = sourcecode.swift; path = WeatherViewModel.swift; sourceTree = "<group>"; };
/* End PBXFileReference section */

/* Begin PBXFrameworksBuildPhase section */
		A063DB7D246C377F0030ED21 /* Frameworks */ = {
			isa = PBXFrameworksBuildPhase;
			buildActionMask = 2147483647;
			files = (
			);
			runOnlyForDeploymentPostprocessing = 0;
		};
/* End PBXFrameworksBuildPhase section */

/* Begin PBXGroup section */
		A063DB77246C377F0030ED21 = {
			isa = PBXGroup;
			children = (
				A063DB82246C377F0030ED21 /* OpenWeather */,
				A063DB81246C377F0030ED21 /* Products */,
			);
			sourceTree = "<group>";
		};
		A063DB81246C377F0030ED21 /* Products */ = {
			isa = PBXGroup;
			children = (
				A063DB80246C377F0030ED21 /* OpenWeather.app */,
			);
			name = Products;
			sourceTree = "<group>";
		};
		A063DB82246C377F0030ED21 /* OpenWeather */ = {
			isa = PBXGroup;
			children = (
				A063DB9D246C3AD30030ED21 /* View Models */,
				A063DB9A246C38290030ED21 /* Services */,
				A063DB97246C379C0030ED21 /* Models */,
				A063DB83246C377F0030ED21 /* AppDelegate.swift */,
				A063DB85246C377F0030ED21 /* SceneDelegate.swift */,
				A063DB87246C377F0030ED21 /* ContentView.swift */,
				A063DB89246C37800030ED21 /* Assets.xcassets */,
				A063DB8E246C37800030ED21 /* LaunchScreen.storyboard */,
				A063DB91246C37800030ED21 /* Info.plist */,
				A063DB8B246C37800030ED21 /* Preview Content */,
			);
			path = OpenWeather;
			sourceTree = "<group>";
		};
		A063DB8B246C37800030ED21 /* Preview Content */ = {
			isa = PBXGroup;
			children = (
				A063DB8C246C37800030ED21 /* Preview Assets.xcassets */,
			);
			path = "Preview Content";
			sourceTree = "<group>";
		};
		A063DB97246C379C0030ED21 /* Models */ = {
			isa = PBXGroup;
			children = (
				A063DB98246C37AD0030ED21 /* Weather.swift */,
			);
			path = Models;
			sourceTree = "<group>";
		};
		A063DB9A246C38290030ED21 /* Services */ = {
			isa = PBXGroup;
			children = (
				A063DB9B246C38370030ED21 /* WeatherService.swift */,
			);
			path = Services;
			sourceTree = "<group>";
		};
		A063DB9D246C3AD30030ED21 /* View Models */ = {
			isa = PBXGroup;
			children = (
				A063DB9E246C3AE50030ED21 /* WeatherViewModel.swift */,
			);
			path = "View Models";
			sourceTree = "<group>";
		};
/* End PBXGroup section */

/* Begin PBXNativeTarget section */
		A063DB7F246C377F0030ED21 /* OpenWeather */ = {
			isa = PBXNativeTarget;
			buildConfigurationList = A063DB94246C37800030ED21 /* Build configuration list for PBXNativeTarget "OpenWeather" */;
			buildPhases = (
				A063DB7C246C377F0030ED21 /* Sources */,
				A063DB7D246C377F0030ED21 /* Frameworks */,
				A063DB7E246C377F0030ED21 /* Resources */,
			);
			buildRules = (
			);
			dependencies = (
			);
			name = OpenWeather;
			productName = OpenWeather;
			productReference = A063DB80246C377F0030ED21 /* OpenWeather.app */;
			productType = "com.apple.product-type.application";
		};
/* End PBXNativeTarget section */

/* Begin PBXProject section */
		A063DB78246C377F0030ED21 /* Project object */ = {
			isa = PBXProject;
			attributes = {
				LastSwiftUpdateCheck = 1140;
				LastUpgradeCheck = 1140;
				TargetAttributes = {
					A063DB7F246C377F0030ED21 = {
						CreatedOnToolsVersion = 11.4.1;
					};
				};
			};
			buildConfigurationList = A063DB7B246C377F0030ED21 /* Build configuration list for PBXProject "OpenWeather" */;
			compatibilityVersion = "Xcode 9.3";
			developmentRegion = en;
			hasScannedForEncodings = 0;
			knownRegions = (
				en,
				Base,
			);
			mainGroup = A063DB77246C377F0030ED21;
			productRefGroup = A063DB81246C377F0030ED21 /* Products */;
			projectDirPath = "";
			projectRoot = "";
			targets = (
				A063DB7F246C377F0030ED21 /* OpenWeather */,
			);
		};
/* End PBXProject section */

/* Begin PBXResourcesBuildPhase section */
		A063DB7E246C377F0030ED21 /* Resources */ = {
			isa = PBXResourcesBuildPhase;
			buildActionMask = 2147483647;
			files = (
				A063DB90246C37800030ED21 /* LaunchScreen.storyboard in Resources */,
				A063DB8D246C37800030ED21 /* Preview Assets.xcassets in Resources */,
				A063DB8A246C37800030ED21 /* Assets.xcassets in Resources */,
			);
			runOnlyForDeploymentPostprocessing = 0;
		};
/* End PBXResourcesBuildPhase section */

/* Begin PBXSourcesBuildPhase section */
		A063DB7C246C377F0030ED21 /* Sources */ = {
			isa = PBXSourcesBuildPhase;
			buildActionMask = 2147483647;
			files = (
				A063DB9C246C38370030ED21 /* WeatherService.swift in Sources */,
				A063DB9F246C3AE50030ED21 /* WeatherViewModel.swift in Sources */,
				A063DB99246C37AD0030ED21 /* Weather.swift in Sources */,
				A063DB84246C377F0030ED21 /* AppDelegate.swift in Sources */,
				A063DB86246C377F0030ED21 /* SceneDelegate.swift in Sources */,
				A063DB88246C377F0030ED21 /* ContentView.swift in Sources */,
			);
			runOnlyForDeploymentPostprocessing = 0;
		};
/* End PBXSourcesBuildPhase section */

/* Begin PBXVariantGroup section */
		A063DB8E246C37800030ED21 /* LaunchScreen.storyboard */ = {
			isa = PBXVariantGroup;
			children = (
				A063DB8F246C37800030ED21 /* Base */,
			);
			name = LaunchScreen.storyboard;
			sourceTree = "<group>";
		};
/* End PBXVariantGroup section */

/* Begin XCBuildConfiguration section */
		A063DB92246C37800030ED21 /* Debug */ = {
			isa = XCBuildConfiguration;
			buildSettings = {
				ALWAYS_SEARCH_USER_PATHS = NO;
				CLANG_ANALYZER_NONNULL = YES;
				CLANG_ANALYZER_NUMBER_OBJECT_CONVERSION = YES_AGGRESSIVE;
				CLANG_CXX_LANGUAGE_STANDARD = "gnu++14";
				CLANG_CXX_LIBRARY = "libc++";
				CLANG_ENABLE_MODULES = YES;
				CLANG_ENABLE_OBJC_ARC = YES;
				CLANG_ENABLE_OBJC_WEAK = YES;
				CLANG_WARN_BLOCK_CAPTURE_AUTORELEASING = YES;
				CLANG_WARN_BOOL_CONVERSION = YES;
				CLANG_WARN_COMMA = YES;
				CLANG_WARN_CONSTANT_CONVERSION = YES;
				CLANG_WARN_DEPRECATED_OBJC_IMPLEMENTATIONS = YES;
				CLANG_WARN_DIRECT_OBJC_ISA_USAGE = YES_ERROR;
				CLANG_WARN_DOCUMENTATION_COMMENTS = YES;
				CLANG_WARN_EMPTY_BODY = YES;
				CLANG_WARN_ENUM_CONVERSION = YES;
				CLANG_WARN_INFINITE_RECURSION = YES;
				CLANG_WARN_INT_CONVERSION = YES;
				CLANG_WARN_NON_LITERAL_NULL_CONVERSION = YES;
				CLANG_WARN_OBJC_IMPLICIT_RETAIN_SELF = YES;
				CLANG_WARN_OBJC_LITERAL_CONVERSION = YES;
				CLANG_WARN_OBJC_ROOT_CLASS = YES_ERROR;
				CLANG_WARN_RANGE_LOOP_ANALYSIS = YES;
				CLANG_WARN_STRICT_PROTOTYPES = YES;
				CLANG_WARN_SUSPICIOUS_MOVE = YES;
				CLANG_WARN_UNGUARDED_AVAILABILITY = YES_AGGRESSIVE;
				CLANG_WARN_UNREACHABLE_CODE = YES;
				CLANG_WARN__DUPLICATE_METHOD_MATCH = YES;
				COPY_PHASE_STRIP = NO;
				DEBUG_INFORMATION_FORMAT = dwarf;
				ENABLE_STRICT_OBJC_MSGSEND = YES;
				ENABLE_TESTABILITY = YES;
				GCC_C_LANGUAGE_STANDARD = gnu11;
				GCC_DYNAMIC_NO_PIC = NO;
				GCC_NO_COMMON_BLOCKS = YES;
				GCC_OPTIMIZATION_LEVEL = 0;
				GCC_PREPROCESSOR_DEFINITIONS = (
					"DEBUG=1",
					"$(inherited)",
				);
				GCC_WARN_64_TO_32_BIT_CONVERSION = YES;
				GCC_WARN_ABOUT_RETURN_TYPE = YES_ERROR;
				GCC_WARN_UNDECLARED_SELECTOR = YES;
				GCC_WARN_UNINITIALIZED_AUTOS = YES_AGGRESSIVE;
				GCC_WARN_UNUSED_FUNCTION = YES;
				GCC_WARN_UNUSED_VARIABLE = YES;
				IPHONEOS_DEPLOYMENT_TARGET = 13.4;
				MTL_ENABLE_DEBUG_INFO = INCLUDE_SOURCE;
				MTL_FAST_MATH = YES;
				ONLY_ACTIVE_ARCH = YES;
				SDKROOT = iphoneos;
				SWIFT_ACTIVE_COMPILATION_CONDITIONS = DEBUG;
				SWIFT_OPTIMIZATION_LEVEL = "-Onone";
			};
			name = Debug;
		};
		A063DB93246C37800030ED21 /* Release */ = {
			isa = XCBuildConfiguration;
			buildSettings = {
				ALWAYS_SEARCH_USER_PATHS = NO;
				CLANG_ANALYZER_NONNULL = YES;
				CLANG_ANALYZER_NUMBER_OBJECT_CONVERSION = YES_AGGRESSIVE;
				CLANG_CXX_LANGUAGE_STANDARD = "gnu++14";
				CLANG_CXX_LIBRARY = "libc++";
				CLANG_ENABLE_MODULES = YES;
				CLANG_ENABLE_OBJC_ARC = YES;
				CLANG_ENABLE_OBJC_WEAK = YES;
				CLANG_WARN_BLOCK_CAPTURE_AUTORELEASING = YES;
				CLANG_WARN_BOOL_CONVERSION = YES;
				CLANG_WARN_COMMA = YES;
				CLANG_WARN_CONSTANT_CONVERSION = YES;
				CLANG_WARN_DEPRECATED_OBJC_IMPLEMENTATIONS = YES;
				CLANG_WARN_DIRECT_OBJC_ISA_USAGE = YES_ERROR;
				CLANG_WARN_DOCUMENTATION_COMMENTS = YES;
				CLANG_WARN_EMPTY_BODY = YES;
				CLANG_WARN_ENUM_CONVERSION = YES;
				CLANG_WARN_INFINITE_RECURSION = YES;
				CLANG_WARN_INT_CONVERSION = YES;
				CLANG_WARN_NON_LITERAL_NULL_CONVERSION = YES;
				CLANG_WARN_OBJC_IMPLICIT_RETAIN_SELF = YES;
				CLANG_WARN_OBJC_LITERAL_CONVERSION = YES;
				CLANG_WARN_OBJC_ROOT_CLASS = YES_ERROR;
				CLANG_WARN_RANGE_LOOP_ANALYSIS = YES;
				CLANG_WARN_STRICT_PROTOTYPES = YES;
				CLANG_WARN_SUSPICIOUS_MOVE = YES;
				CLANG_WARN_UNGUARDED_AVAILABILITY = YES_AGGRESSIVE;
				CLANG_WARN_UNREACHABLE_CODE = YES;
				CLANG_WARN__DUPLICATE_METHOD_MATCH = YES;
				COPY_PHASE_STRIP = NO;
				DEBUG_INFORMATION_FORMAT = "dwarf-with-dsym";
				ENABLE_NS_ASSERTIONS = NO;
				ENABLE_STRICT_OBJC_MSGSEND = YES;
				GCC_C_LANGUAGE_STANDARD = gnu11;
				GCC_NO_COMMON_BLOCKS = YES;
				GCC_WARN_64_TO_32_BIT_CONVERSION = YES;
				GCC_WARN_ABOUT_RETURN_TYPE = YES_ERROR;
				GCC_WARN_UNDECLARED_SELECTOR = YES;
				GCC_WARN_UNINITIALIZED_AUTOS = YES_AGGRESSIVE;
				GCC_WARN_UNUSED_FUNCTION = YES;
				GCC_WARN_UNUSED_VARIABLE = YES;
				IPHONEOS_DEPLOYMENT_TARGET = 13.4;
				MTL_ENABLE_DEBUG_INFO = NO;
				MTL_FAST_MATH = YES;
				SDKROOT = iphoneos;
				SWIFT_COMPILATION_MODE = wholemodule;
				SWIFT_OPTIMIZATION_LEVEL = "-O";
				VALIDATE_PRODUCT = YES;
			};
			name = Release;
		};
		A063DB95246C37800030ED21 /* Debug */ = {
			isa = XCBuildConfiguration;
			buildSettings = {
				ASSETCATALOG_COMPILER_APPICON_NAME = AppIcon;
				CODE_SIGN_STYLE = Automatic;
				DEVELOPMENT_ASSET_PATHS = "\"OpenWeather/Preview Content\"";
				DEVELOPMENT_TEAM = UKD6B8266R;
				ENABLE_PREVIEWS = YES;
				INFOPLIST_FILE = OpenWeather/Info.plist;
				LD_RUNPATH_SEARCH_PATHS = (
					"$(inherited)",
					"@executable_path/Frameworks",
				);
				PRODUCT_BUNDLE_IDENTIFIER = com.example.OpenWeather;
				PRODUCT_NAME = "$(TARGET_NAME)";
				SWIFT_VERSION = 5.0;
				TARGETED_DEVICE_FAMILY = "1,2";
			};
			name = Debug;
		};
		A063DB96246C37800030ED21 /* Release */ = {
			isa = XCBuildConfiguration;
			buildSettings = {
				ASSETCATALOG_COMPILER_APPICON_NAME = AppIcon;
				CODE_SIGN_STYLE = Automatic;
				DEVELOPMENT_ASSET_PATHS = "\"OpenWeather/Preview Content\"";
				DEVELOPMENT_TEAM = UKD6B8266R;
				ENABLE_PREVIEWS = YES;
				INFOPLIST_FILE = OpenWeather/Info.plist;
				LD_RUNPATH_SEARCH_PATHS = (
					"$(inherited)",
					"@executable_path/Frameworks",
				);
				PRODUCT_BUNDLE_IDENTIFIER = com.example.OpenWeather;
				PRODUCT_NAME = "$(TARGET_NAME)";
				SWIFT_VERSION = 5.0;
				TARGETED_DEVICE_FAMILY = "1,2";
			};
			name = Release;
		};
/* End XCBuildConfiguration section */

/* Begin XCConfigurationList section */
		A063DB7B246C377F0030ED21 /* Build configuration list for PBXProject "OpenWeather" */ = {
			isa = XCConfigurationList;
			buildConfigurations = (
				A063DB92246C37800030ED21 /* Debug */,
				A063DB93246C37800030ED21 /* Release */,
			);
			defaultConfigurationIsVisible = 0;
			defaultConfigurationName = Release;
		};
		A063DB94246C37800030ED21 /* Build configuration list for PBXNativeTarget "OpenWeather" */ = {
			isa = XCConfigurationList;
			buildConfigurations = (
				A063DB95246C37800030ED21 /* Debug */,
				A063DB96246C37800030ED21 /* Release */,
			);
			defaultConfigurationIsVisible = 0;
			defaultConfigurationName = Release;
		};
/* End XCConfigurationList section */
	};
	rootObject = A063DB78246C377F0030ED21 /* Project object */;
}
