// !$*UTF8*$!
{
	archiveVersion = 1;
	classes = {
	};
	objectVersion = 50;
	objects = {

/* Begin PBXBuildFile section */
		A04F4F50248FD69A00DC3E3B /* AppDelegate.swift in Sources */ = {isa = PBXBuildFile; fileRef = A04F4F4F248FD69A00DC3E3B /* AppDelegate.swift */; };
		A04F4F52248FD69A00DC3E3B /* SceneDelegate.swift in Sources */ = {isa = PBXBuildFile; fileRef = A04F4F51248FD69A00DC3E3B /* SceneDelegate.swift */; };
		A04F4F55248FD69A00DC3E3B /* HotCoffeeApp.xcdatamodeld in Sources */ = {isa = PBXBuildFile; fileRef = A04F4F53248FD69A00DC3E3B /* HotCoffeeApp.xcdatamodeld */; };
		A04F4F57248FD69A00DC3E3B /* ContentView.swift in Sources */ = {isa = PBXBuildFile; fileRef = A04F4F56248FD69A00DC3E3B /* ContentView.swift */; };
		A04F4F59248FD69D00DC3E3B /* Assets.xcassets in Resources */ = {isa = PBXBuildFile; fileRef = A04F4F58248FD69D00DC3E3B /* Assets.xcassets */; };
		A04F4F5C248FD69D00DC3E3B /* Preview Assets.xcassets in Resources */ = {isa = PBXBuildFile; fileRef = A04F4F5B248FD69D00DC3E3B /* Preview Assets.xcassets */; };
		A04F4F5F248FD69D00DC3E3B /* LaunchScreen.storyboard in Resources */ = {isa = PBXBuildFile; fileRef = A04F4F5D248FD69D00DC3E3B /* LaunchScreen.storyboard */; };
		A04F4F68248FD75400DC3E3B /* CoreDataManager.swift in Sources */ = {isa = PBXBuildFile; fileRef = A04F4F67248FD75400DC3E3B /* CoreDataManager.swift */; };
		A04F4F6B248FD7E000DC3E3B /* NSManagedObjectContext+Extensions.swift in Sources */ = {isa = PBXBuildFile; fileRef = A04F4F6A248FD7E000DC3E3B /* NSManagedObjectContext+Extensions.swift */; };
		A04F4F6E248FD88D00DC3E3B /* AddOrderViewModel.swift in Sources */ = {isa = PBXBuildFile; fileRef = A04F4F6D248FD88D00DC3E3B /* AddOrderViewModel.swift */; };
		A04F4F71248FD8B800DC3E3B /* AddOrderView.swift in Sources */ = {isa = PBXBuildFile; fileRef = A04F4F70248FD8B800DC3E3B /* AddOrderView.swift */; };
		A04F4F73248FDC3400DC3E3B /* OrderListViewModel.swift in Sources */ = {isa = PBXBuildFile; fileRef = A04F4F72248FDC3400DC3E3B /* OrderListViewModel.swift */; };
/* End PBXBuildFile section */

/* Begin PBXFileReference section */
		A04F4F4C248FD69A00DC3E3B /* HotCoffeeApp.app */ = {isa = PBXFileReference; explicitFileType = wrapper.application; includeInIndex = 0; path = HotCoffeeApp.app; sourceTree = BUILT_PRODUCTS_DIR; };
		A04F4F4F248FD69A00DC3E3B /* AppDelegate.swift */ = {isa = PBXFileReference; lastKnownFileType = sourcecode.swift; path = AppDelegate.swift; sourceTree = "<group>"; };
		A04F4F51248FD69A00DC3E3B /* SceneDelegate.swift */ = {isa = PBXFileReference; lastKnownFileType = sourcecode.swift; path = SceneDelegate.swift; sourceTree = "<group>"; };
		A04F4F54248FD69A00DC3E3B /* HotCoffeeApp.xcdatamodel */ = {isa = PBXFileReference; lastKnownFileType = wrapper.xcdatamodel; path = HotCoffeeApp.xcdatamodel; sourceTree = "<group>"; };
		A04F4F56248FD69A00DC3E3B /* ContentView.swift */ = {isa = PBXFileReference; lastKnownFileType = sourcecode.swift; path = ContentView.swift; sourceTree = "<group>"; };
		A04F4F58248FD69D00DC3E3B /* Assets.xcassets */ = {isa = PBXFileReference; lastKnownFileType = folder.assetcatalog; path = Assets.xcassets; sourceTree = "<group>"; };
		A04F4F5B248FD69D00DC3E3B /* Preview Assets.xcassets */ = {isa = PBXFileReference; lastKnownFileType = folder.assetcatalog; path = "Preview Assets.xcassets"; sourceTree = "<group>"; };
		A04F4F5E248FD69D00DC3E3B /* Base */ = {isa = PBXFileReference; lastKnownFileType = file.storyboard; name = Base; path = Base.lproj/LaunchScreen.storyboard; sourceTree = "<group>"; };
		A04F4F60248FD69D00DC3E3B /* Info.plist */ = {isa = PBXFileReference; lastKnownFileType = text.plist.xml; path = Info.plist; sourceTree = "<group>"; };
		A04F4F67248FD75400DC3E3B /* CoreDataManager.swift */ = {isa = PBXFileReference; lastKnownFileType = sourcecode.swift; path = CoreDataManager.swift; sourceTree = "<group>"; };
		A04F4F6A248FD7E000DC3E3B /* NSManagedObjectContext+Extensions.swift */ = {isa = PBXFileReference; lastKnownFileType = sourcecode.swift; path = "NSManagedObjectContext+Extensions.swift"; sourceTree = "<group>"; };
		A04F4F6D248FD88D00DC3E3B /* AddOrderViewModel.swift */ = {isa = PBXFileReference; lastKnownFileType = sourcecode.swift; path = AddOrderViewModel.swift; sourceTree = "<group>"; };
		A04F4F70248FD8B800DC3E3B /* AddOrderView.swift */ = {isa = PBXFileReference; lastKnownFileType = sourcecode.swift; path = AddOrderView.swift; sourceTree = "<group>"; };
		A04F4F72248FDC3400DC3E3B /* OrderListViewModel.swift */ = {isa = PBXFileReference; lastKnownFileType = sourcecode.swift; path = OrderListViewModel.swift; sourceTree = "<group>"; };
/* End PBXFileReference section */

/* Begin PBXFrameworksBuildPhase section */
		A04F4F49248FD69A00DC3E3B /* Frameworks */ = {
			isa = PBXFrameworksBuildPhase;
			buildActionMask = 2147483647;
			files = (
			);
			runOnlyForDeploymentPostprocessing = 0;
		};
/* End PBXFrameworksBuildPhase section */

/* Begin PBXGroup section */
		A04F4F43248FD69A00DC3E3B = {
			isa = PBXGroup;
			children = (
				A04F4F4E248FD69A00DC3E3B /* HotCoffeeApp */,
				A04F4F4D248FD69A00DC3E3B /* Products */,
			);
			sourceTree = "<group>";
		};
		A04F4F4D248FD69A00DC3E3B /* Products */ = {
			isa = PBXGroup;
			children = (
				A04F4F4C248FD69A00DC3E3B /* HotCoffeeApp.app */,
			);
			name = Products;
			sourceTree = "<group>";
		};
		A04F4F4E248FD69A00DC3E3B /* HotCoffeeApp */ = {
			isa = PBXGroup;
			children = (
				A04F4F6F248FD8AA00DC3E3B /* Views */,
				A04F4F6C248FD88300DC3E3B /* ViewModels */,
				A04F4F69248FD7CE00DC3E3B /* Extensions */,
				A04F4F66248FD74800DC3E3B /* Managers */,
				A04F4F4F248FD69A00DC3E3B /* AppDelegate.swift */,
				A04F4F51248FD69A00DC3E3B /* SceneDelegate.swift */,
				A04F4F58248FD69D00DC3E3B /* Assets.xcassets */,
				A04F4F5D248FD69D00DC3E3B /* LaunchScreen.storyboard */,
				A04F4F60248FD69D00DC3E3B /* Info.plist */,
				A04F4F53248FD69A00DC3E3B /* HotCoffeeApp.xcdatamodeld */,
				A04F4F5A248FD69D00DC3E3B /* Preview Content */,
			);
			path = HotCoffeeApp;
			sourceTree = "<group>";
		};
		A04F4F5A248FD69D00DC3E3B /* Preview Content */ = {
			isa = PBXGroup;
			children = (
				A04F4F5B248FD69D00DC3E3B /* Preview Assets.xcassets */,
			);
			path = "Preview Content";
			sourceTree = "<group>";
		};
		A04F4F66248FD74800DC3E3B /* Managers */ = {
			isa = PBXGroup;
			children = (
				A04F4F67248FD75400DC3E3B /* CoreDataManager.swift */,
			);
			path = Managers;
			sourceTree = "<group>";
		};
		A04F4F69248FD7CE00DC3E3B /* Extensions */ = {
			isa = PBXGroup;
			children = (
				A04F4F6A248FD7E000DC3E3B /* NSManagedObjectContext+Extensions.swift */,
			);
			path = Extensions;
			sourceTree = "<group>";
		};
		A04F4F6C248FD88300DC3E3B /* ViewModels */ = {
			isa = PBXGroup;
			children = (
				A04F4F6D248FD88D00DC3E3B /* AddOrderViewModel.swift */,
				A04F4F72248FDC3400DC3E3B /* OrderListViewModel.swift */,
			);
			path = ViewModels;
			sourceTree = "<group>";
		};
		A04F4F6F248FD8AA00DC3E3B /* Views */ = {
			isa = PBXGroup;
			children = (
				A04F4F56248FD69A00DC3E3B /* ContentView.swift */,
				A04F4F70248FD8B800DC3E3B /* AddOrderView.swift */,
			);
			path = Views;
			sourceTree = "<group>";
		};
/* End PBXGroup section */

/* Begin PBXNativeTarget section */
		A04F4F4B248FD69A00DC3E3B /* HotCoffeeApp */ = {
			isa = PBXNativeTarget;
			buildConfigurationList = A04F4F63248FD69D00DC3E3B /* Build configuration list for PBXNativeTarget "HotCoffeeApp" */;
			buildPhases = (
				A04F4F48248FD69A00DC3E3B /* Sources */,
				A04F4F49248FD69A00DC3E3B /* Frameworks */,
				A04F4F4A248FD69A00DC3E3B /* Resources */,
			);
			buildRules = (
			);
			dependencies = (
			);
			name = HotCoffeeApp;
			productName = HotCoffeeApp;
			productReference = A04F4F4C248FD69A00DC3E3B /* HotCoffeeApp.app */;
			productType = "com.apple.product-type.application";
		};
/* End PBXNativeTarget section */

/* Begin PBXProject section */
		A04F4F44248FD69A00DC3E3B /* Project object */ = {
			isa = PBXProject;
			attributes = {
				LastSwiftUpdateCheck = 1140;
				LastUpgradeCheck = 1140;
				ORGANIZATIONNAME = "George Sun";
				TargetAttributes = {
					A04F4F4B248FD69A00DC3E3B = {
						CreatedOnToolsVersion = 11.4.1;
					};
				};
			};
			buildConfigurationList = A04F4F47248FD69A00DC3E3B /* Build configuration list for PBXProject "HotCoffeeApp" */;
			compatibilityVersion = "Xcode 9.3";
			developmentRegion = en;
			hasScannedForEncodings = 0;
			knownRegions = (
				en,
				Base,
			);
			mainGroup = A04F4F43248FD69A00DC3E3B;
			productRefGroup = A04F4F4D248FD69A00DC3E3B /* Products */;
			projectDirPath = "";
			projectRoot = "";
			targets = (
				A04F4F4B248FD69A00DC3E3B /* HotCoffeeApp */,
			);
		};
/* End PBXProject section */

/* Begin PBXResourcesBuildPhase section */
		A04F4F4A248FD69A00DC3E3B /* Resources */ = {
			isa = PBXResourcesBuildPhase;
			buildActionMask = 2147483647;
			files = (
				A04F4F5F248FD69D00DC3E3B /* LaunchScreen.storyboard in Resources */,
				A04F4F5C248FD69D00DC3E3B /* Preview Assets.xcassets in Resources */,
				A04F4F59248FD69D00DC3E3B /* Assets.xcassets in Resources */,
			);
			runOnlyForDeploymentPostprocessing = 0;
		};
/* End PBXResourcesBuildPhase section */

/* Begin PBXSourcesBuildPhase section */
		A04F4F48248FD69A00DC3E3B /* Sources */ = {
			isa = PBXSourcesBuildPhase;
			buildActionMask = 2147483647;
			files = (
				A04F4F50248FD69A00DC3E3B /* AppDelegate.swift in Sources */,
				A04F4F55248FD69A00DC3E3B /* HotCoffeeApp.xcdatamodeld in Sources */,
				A04F4F57248FD69A00DC3E3B /* ContentView.swift in Sources */,
				A04F4F73248FDC3400DC3E3B /* OrderListViewModel.swift in Sources */,
				A04F4F68248FD75400DC3E3B /* CoreDataManager.swift in Sources */,
				A04F4F52248FD69A00DC3E3B /* SceneDelegate.swift in Sources */,
				A04F4F71248FD8B800DC3E3B /* AddOrderView.swift in Sources */,
				A04F4F6E248FD88D00DC3E3B /* AddOrderViewModel.swift in Sources */,
				A04F4F6B248FD7E000DC3E3B /* NSManagedObjectContext+Extensions.swift in Sources */,
			);
			runOnlyForDeploymentPostprocessing = 0;
		};
/* End PBXSourcesBuildPhase section */

/* Begin PBXVariantGroup section */
		A04F4F5D248FD69D00DC3E3B /* LaunchScreen.storyboard */ = {
			isa = PBXVariantGroup;
			children = (
				A04F4F5E248FD69D00DC3E3B /* Base */,
			);
			name = LaunchScreen.storyboard;
			sourceTree = "<group>";
		};
/* End PBXVariantGroup section */

/* Begin XCBuildConfiguration section */
		A04F4F61248FD69D00DC3E3B /* Debug */ = {
			isa = XCBuildConfiguration;
			buildSettings = {
				ALWAYS_SEARCH_USER_PATHS = NO;
				CLANG_ANALYZER_NONNULL = YES;
				CLANG_ANALYZER_NUMBER_OBJECT_CONVERSION = YES_AGGRESSIVE;
				CLANG_CXX_LANGUAGE_STANDARD = "gnu++14";
				CLANG_CXX_LIBRARY = "libc++";
				CLANG_ENABLE_MODULES = YES;
				CLANG_ENABLE_OBJC_ARC = YES;
				CLANG_ENABLE_OBJC_WEAK = YES;
				CLANG_WARN_BLOCK_CAPTURE_AUTORELEASING = YES;
				CLANG_WARN_BOOL_CONVERSION = YES;
				CLANG_WARN_COMMA = YES;
				CLANG_WARN_CONSTANT_CONVERSION = YES;
				CLANG_WARN_DEPRECATED_OBJC_IMPLEMENTATIONS = YES;
				CLANG_WARN_DIRECT_OBJC_ISA_USAGE = YES_ERROR;
				CLANG_WARN_DOCUMENTATION_COMMENTS = YES;
				CLANG_WARN_EMPTY_BODY = YES;
				CLANG_WARN_ENUM_CONVERSION = YES;
				CLANG_WARN_INFINITE_RECURSION = YES;
				CLANG_WARN_INT_CONVERSION = YES;
				CLANG_WARN_NON_LITERAL_NULL_CONVERSION = YES;
				CLANG_WARN_OBJC_IMPLICIT_RETAIN_SELF = YES;
				CLANG_WARN_OBJC_LITERAL_CONVERSION = YES;
				CLANG_WARN_OBJC_ROOT_CLASS = YES_ERROR;
				CLANG_WARN_RANGE_LOOP_ANALYSIS = YES;
				CLANG_WARN_STRICT_PROTOTYPES = YES;
				CLANG_WARN_SUSPICIOUS_MOVE = YES;
				CLANG_WARN_UNGUARDED_AVAILABILITY = YES_AGGRESSIVE;
				CLANG_WARN_UNREACHABLE_CODE = YES;
				CLANG_WARN__DUPLICATE_METHOD_MATCH = YES;
				COPY_PHASE_STRIP = NO;
				DEBUG_INFORMATION_FORMAT = dwarf;
				ENABLE_STRICT_OBJC_MSGSEND = YES;
				ENABLE_TESTABILITY = YES;
				GCC_C_LANGUAGE_STANDARD = gnu11;
				GCC_DYNAMIC_NO_PIC = NO;
				GCC_NO_COMMON_BLOCKS = YES;
				GCC_OPTIMIZATION_LEVEL = 0;
				GCC_PREPROCESSOR_DEFINITIONS = (
					"DEBUG=1",
					"$(inherited)",
				);
				GCC_WARN_64_TO_32_BIT_CONVERSION = YES;
				GCC_WARN_ABOUT_RETURN_TYPE = YES_ERROR;
				GCC_WARN_UNDECLARED_SELECTOR = YES;
				GCC_WARN_UNINITIALIZED_AUTOS = YES_AGGRESSIVE;
				GCC_WARN_UNUSED_FUNCTION = YES;
				GCC_WARN_UNUSED_VARIABLE = YES;
				IPHONEOS_DEPLOYMENT_TARGET = 13.4;
				MTL_ENABLE_DEBUG_INFO = INCLUDE_SOURCE;
				MTL_FAST_MATH = YES;
				ONLY_ACTIVE_ARCH = YES;
				SDKROOT = iphoneos;
				SWIFT_ACTIVE_COMPILATION_CONDITIONS = DEBUG;
				SWIFT_OPTIMIZATION_LEVEL = "-Onone";
			};
			name = Debug;
		};
		A04F4F62248FD69D00DC3E3B /* Release */ = {
			isa = XCBuildConfiguration;
			buildSettings = {
				ALWAYS_SEARCH_USER_PATHS = NO;
				CLANG_ANALYZER_NONNULL = YES;
				CLANG_ANALYZER_NUMBER_OBJECT_CONVERSION = YES_AGGRESSIVE;
				CLANG_CXX_LANGUAGE_STANDARD = "gnu++14";
				CLANG_CXX_LIBRARY = "libc++";
				CLANG_ENABLE_MODULES = YES;
				CLANG_ENABLE_OBJC_ARC = YES;
				CLANG_ENABLE_OBJC_WEAK = YES;
				CLANG_WARN_BLOCK_CAPTURE_AUTORELEASING = YES;
				CLANG_WARN_BOOL_CONVERSION = YES;
				CLANG_WARN_COMMA = YES;
				CLANG_WARN_CONSTANT_CONVERSION = YES;
				CLANG_WARN_DEPRECATED_OBJC_IMPLEMENTATIONS = YES;
				CLANG_WARN_DIRECT_OBJC_ISA_USAGE = YES_ERROR;
				CLANG_WARN_DOCUMENTATION_COMMENTS = YES;
				CLANG_WARN_EMPTY_BODY = YES;
				CLANG_WARN_ENUM_CONVERSION = YES;
				CLANG_WARN_INFINITE_RECURSION = YES;
				CLANG_WARN_INT_CONVERSION = YES;
				CLANG_WARN_NON_LITERAL_NULL_CONVERSION = YES;
				CLANG_WARN_OBJC_IMPLICIT_RETAIN_SELF = YES;
				CLANG_WARN_OBJC_LITERAL_CONVERSION = YES;
				CLANG_WARN_OBJC_ROOT_CLASS = YES_ERROR;
				CLANG_WARN_RANGE_LOOP_ANALYSIS = YES;
				CLANG_WARN_STRICT_PROTOTYPES = YES;
				CLANG_WARN_SUSPICIOUS_MOVE = YES;
				CLANG_WARN_UNGUARDED_AVAILABILITY = YES_AGGRESSIVE;
				CLANG_WARN_UNREACHABLE_CODE = YES;
				CLANG_WARN__DUPLICATE_METHOD_MATCH = YES;
				COPY_PHASE_STRIP = NO;
				DEBUG_INFORMATION_FORMAT = "dwarf-with-dsym";
				ENABLE_NS_ASSERTIONS = NO;
				ENABLE_STRICT_OBJC_MSGSEND = YES;
				GCC_C_LANGUAGE_STANDARD = gnu11;
				GCC_NO_COMMON_BLOCKS = YES;
				GCC_WARN_64_TO_32_BIT_CONVERSION = YES;
				GCC_WARN_ABOUT_RETURN_TYPE = YES_ERROR;
				GCC_WARN_UNDECLARED_SELECTOR = YES;
				GCC_WARN_UNINITIALIZED_AUTOS = YES_AGGRESSIVE;
				GCC_WARN_UNUSED_FUNCTION = YES;
				GCC_WARN_UNUSED_VARIABLE = YES;
				IPHONEOS_DEPLOYMENT_TARGET = 13.4;
				MTL_ENABLE_DEBUG_INFO = NO;
				MTL_FAST_MATH = YES;
				SDKROOT = iphoneos;
				SWIFT_COMPILATION_MODE = wholemodule;
				SWIFT_OPTIMIZATION_LEVEL = "-O";
				VALIDATE_PRODUCT = YES;
			};
			name = Release;
		};
		A04F4F64248FD69D00DC3E3B /* Debug */ = {
			isa = XCBuildConfiguration;
			buildSettings = {
				ASSETCATALOG_COMPILER_APPICON_NAME = AppIcon;
				CODE_SIGN_STYLE = Automatic;
				DEVELOPMENT_ASSET_PATHS = "\"HotCoffeeApp/Preview Content\"";
				DEVELOPMENT_TEAM = UKD6B8266R;
				ENABLE_PREVIEWS = YES;
				INFOPLIST_FILE = HotCoffeeApp/Info.plist;
				LD_RUNPATH_SEARCH_PATHS = (
					"$(inherited)",
					"@executable_path/Frameworks",
				);
				PRODUCT_BUNDLE_IDENTIFIER = com.example.HotCoffeeApp;
				PRODUCT_NAME = "$(TARGET_NAME)";
				SWIFT_VERSION = 5.0;
				TARGETED_DEVICE_FAMILY = "1,2";
			};
			name = Debug;
		};
		A04F4F65248FD69D00DC3E3B /* Release */ = {
			isa = XCBuildConfiguration;
			buildSettings = {
				ASSETCATALOG_COMPILER_APPICON_NAME = AppIcon;
				CODE_SIGN_STYLE = Automatic;
				DEVELOPMENT_ASSET_PATHS = "\"HotCoffeeApp/Preview Content\"";
				DEVELOPMENT_TEAM = UKD6B8266R;
				ENABLE_PREVIEWS = YES;
				INFOPLIST_FILE = HotCoffeeApp/Info.plist;
				LD_RUNPATH_SEARCH_PATHS = (
					"$(inherited)",
					"@executable_path/Frameworks",
				);
				PRODUCT_BUNDLE_IDENTIFIER = com.example.HotCoffeeApp;
				PRODUCT_NAME = "$(TARGET_NAME)";
				SWIFT_VERSION = 5.0;
				TARGETED_DEVICE_FAMILY = "1,2";
			};
			name = Release;
		};
/* End XCBuildConfiguration section */

/* Begin XCConfigurationList section */
		A04F4F47248FD69A00DC3E3B /* Build configuration list for PBXProject "HotCoffeeApp" */ = {
			isa = XCConfigurationList;
			buildConfigurations = (
				A04F4F61248FD69D00DC3E3B /* Debug */,
				A04F4F62248FD69D00DC3E3B /* Release */,
			);
			defaultConfigurationIsVisible = 0;
			defaultConfigurationName = Release;
		};
		A04F4F63248FD69D00DC3E3B /* Build configuration list for PBXNativeTarget "HotCoffeeApp" */ = {
			isa = XCConfigurationList;
			buildConfigurations = (
				A04F4F64248FD69D00DC3E3B /* Debug */,
				A04F4F65248FD69D00DC3E3B /* Release */,
			);
			defaultConfigurationIsVisible = 0;
			defaultConfigurationName = Release;
		};
/* End XCConfigurationList section */

/* Begin XCVersionGroup section */
		A04F4F53248FD69A00DC3E3B /* HotCoffeeApp.xcdatamodeld */ = {
			isa = XCVersionGroup;
			children = (
				A04F4F54248FD69A00DC3E3B /* HotCoffeeApp.xcdatamodel */,
			);
			currentVersion = A04F4F54248FD69A00DC3E3B /* HotCoffeeApp.xcdatamodel */;
			path = HotCoffeeApp.xcdatamodeld;
			sourceTree = "<group>";
			versionGroupType = wrapper.xcdatamodel;
		};
/* End XCVersionGroup section */
	};
	rootObject = A04F4F44248FD69A00DC3E3B /* Project object */;
}
