// !$*UTF8*$!
{
	archiveVersion = 1;
	classes = {
	};
	objectVersion = 50;
	objects = {

/* Begin PBXBuildFile section */
		A0923DAA246B483400F55C3F /* AppDelegate.swift in Sources */ = {isa = PBXBuildFile; fileRef = A0923DA9246B483400F55C3F /* AppDelegate.swift */; };
		A0923DAC246B483400F55C3F /* SceneDelegate.swift in Sources */ = {isa = PBXBuildFile; fileRef = A0923DAB246B483400F55C3F /* SceneDelegate.swift */; };
		A0923DAE246B483400F55C3F /* ContentView.swift in Sources */ = {isa = PBXBuildFile; fileRef = A0923DAD246B483400F55C3F /* ContentView.swift */; };
		A0923DB0246B483500F55C3F /* Assets.xcassets in Resources */ = {isa = PBXBuildFile; fileRef = A0923DAF246B483500F55C3F /* Assets.xcassets */; };
		A0923DB3246B483500F55C3F /* Preview Assets.xcassets in Resources */ = {isa = PBXBuildFile; fileRef = A0923DB2246B483500F55C3F /* Preview Assets.xcassets */; };
		A0923DB6246B483500F55C3F /* LaunchScreen.storyboard in Resources */ = {isa = PBXBuildFile; fileRef = A0923DB4246B483500F55C3F /* LaunchScreen.storyboard */; };
		A0923DC0246B48D000F55C3F /* UserSettings.swift in Sources */ = {isa = PBXBuildFile; fileRef = A0923DBF246B48D000F55C3F /* UserSettings.swift */; };
		A0923DC2246B49FC00F55C3F /* FancyScoreView.swift in Sources */ = {isa = PBXBuildFile; fileRef = A0923DC1246B49FC00F55C3F /* FancyScoreView.swift */; };
/* End PBXBuildFile section */

/* Begin PBXFileReference section */
		A0923DA6246B483400F55C3F /* envobjects-playground.app */ = {isa = PBXFileReference; explicitFileType = wrapper.application; includeInIndex = 0; path = "envobjects-playground.app"; sourceTree = BUILT_PRODUCTS_DIR; };
		A0923DA9246B483400F55C3F /* AppDelegate.swift */ = {isa = PBXFileReference; lastKnownFileType = sourcecode.swift; path = AppDelegate.swift; sourceTree = "<group>"; };
		A0923DAB246B483400F55C3F /* SceneDelegate.swift */ = {isa = PBXFileReference; lastKnownFileType = sourcecode.swift; path = SceneDelegate.swift; sourceTree = "<group>"; };
		A0923DAD246B483400F55C3F /* ContentView.swift */ = {isa = PBXFileReference; lastKnownFileType = sourcecode.swift; path = ContentView.swift; sourceTree = "<group>"; };
		A0923DAF246B483500F55C3F /* Assets.xcassets */ = {isa = PBXFileReference; lastKnownFileType = folder.assetcatalog; path = Assets.xcassets; sourceTree = "<group>"; };
		A0923DB2246B483500F55C3F /* Preview Assets.xcassets */ = {isa = PBXFileReference; lastKnownFileType = folder.assetcatalog; path = "Preview Assets.xcassets"; sourceTree = "<group>"; };
		A0923DB5246B483500F55C3F /* Base */ = {isa = PBXFileReference; lastKnownFileType = file.storyboard; name = Base; path = Base.lproj/LaunchScreen.storyboard; sourceTree = "<group>"; };
		A0923DB7246B483500F55C3F /* Info.plist */ = {isa = PBXFileReference; lastKnownFileType = text.plist.xml; path = Info.plist; sourceTree = "<group>"; };
		A0923DBF246B48D000F55C3F /* UserSettings.swift */ = {isa = PBXFileReference; lastKnownFileType = sourcecode.swift; path = UserSettings.swift; sourceTree = "<group>"; };
		A0923DC1246B49FC00F55C3F /* FancyScoreView.swift */ = {isa = PBXFileReference; lastKnownFileType = sourcecode.swift; path = FancyScoreView.swift; sourceTree = "<group>"; };
/* End PBXFileReference section */

/* Begin PBXFrameworksBuildPhase section */
		A0923DA3246B483400F55C3F /* Frameworks */ = {
			isa = PBXFrameworksBuildPhase;
			buildActionMask = 2147483647;
			files = (
			);
			runOnlyForDeploymentPostprocessing = 0;
		};
/* End PBXFrameworksBuildPhase section */

/* Begin PBXGroup section */
		A0923D9D246B483400F55C3F = {
			isa = PBXGroup;
			children = (
				A0923DA8246B483400F55C3F /* envobjects-playground */,
				A0923DA7246B483400F55C3F /* Products */,
			);
			sourceTree = "<group>";
		};
		A0923DA7246B483400F55C3F /* Products */ = {
			isa = PBXGroup;
			children = (
				A0923DA6246B483400F55C3F /* envobjects-playground.app */,
			);
			name = Products;
			sourceTree = "<group>";
		};
		A0923DA8246B483400F55C3F /* envobjects-playground */ = {
			isa = PBXGroup;
			children = (
				A0923DBF246B48D000F55C3F /* UserSettings.swift */,
				A0923DC1246B49FC00F55C3F /* FancyScoreView.swift */,
				A0923DAD246B483400F55C3F /* ContentView.swift */,
				A0923DA9246B483400F55C3F /* AppDelegate.swift */,
				A0923DAB246B483400F55C3F /* SceneDelegate.swift */,
				A0923DAF246B483500F55C3F /* Assets.xcassets */,
				A0923DB4246B483500F55C3F /* LaunchScreen.storyboard */,
				A0923DB7246B483500F55C3F /* Info.plist */,
				A0923DB1246B483500F55C3F /* Preview Content */,
			);
			path = "envobjects-playground";
			sourceTree = "<group>";
		};
		A0923DB1246B483500F55C3F /* Preview Content */ = {
			isa = PBXGroup;
			children = (
				A0923DB2246B483500F55C3F /* Preview Assets.xcassets */,
			);
			path = "Preview Content";
			sourceTree = "<group>";
		};
/* End PBXGroup section */

/* Begin PBXNativeTarget section */
		A0923DA5246B483400F55C3F /* envobjects-playground */ = {
			isa = PBXNativeTarget;
			buildConfigurationList = A0923DBA246B483500F55C3F /* Build configuration list for PBXNativeTarget "envobjects-playground" */;
			buildPhases = (
				A0923DA2246B483400F55C3F /* Sources */,
				A0923DA3246B483400F55C3F /* Frameworks */,
				A0923DA4246B483400F55C3F /* Resources */,
			);
			buildRules = (
			);
			dependencies = (
			);
			name = "envobjects-playground";
			productName = "envobjects-playground";
			productReference = A0923DA6246B483400F55C3F /* envobjects-playground.app */;
			productType = "com.apple.product-type.application";
		};
/* End PBXNativeTarget section */

/* Begin PBXProject section */
		A0923D9E246B483400F55C3F /* Project object */ = {
			isa = PBXProject;
			attributes = {
				LastSwiftUpdateCheck = 1140;
				LastUpgradeCheck = 1140;
				ORGANIZATIONNAME = Nextiles;
				TargetAttributes = {
					A0923DA5246B483400F55C3F = {
						CreatedOnToolsVersion = 11.4.1;
					};
				};
			};
			buildConfigurationList = A0923DA1246B483400F55C3F /* Build configuration list for PBXProject "envobjects-playground" */;
			compatibilityVersion = "Xcode 9.3";
			developmentRegion = en;
			hasScannedForEncodings = 0;
			knownRegions = (
				en,
				Base,
			);
			mainGroup = A0923D9D246B483400F55C3F;
			productRefGroup = A0923DA7246B483400F55C3F /* Products */;
			projectDirPath = "";
			projectRoot = "";
			targets = (
				A0923DA5246B483400F55C3F /* envobjects-playground */,
			);
		};
/* End PBXProject section */

/* Begin PBXResourcesBuildPhase section */
		A0923DA4246B483400F55C3F /* Resources */ = {
			isa = PBXResourcesBuildPhase;
			buildActionMask = 2147483647;
			files = (
				A0923DB6246B483500F55C3F /* LaunchScreen.storyboard in Resources */,
				A0923DB3246B483500F55C3F /* Preview Assets.xcassets in Resources */,
				A0923DB0246B483500F55C3F /* Assets.xcassets in Resources */,
			);
			runOnlyForDeploymentPostprocessing = 0;
		};
/* End PBXResourcesBuildPhase section */

/* Begin PBXSourcesBuildPhase section */
		A0923DA2246B483400F55C3F /* Sources */ = {
			isa = PBXSourcesBuildPhase;
			buildActionMask = 2147483647;
			files = (
				A0923DC2246B49FC00F55C3F /* FancyScoreView.swift in Sources */,
				A0923DAA246B483400F55C3F /* AppDelegate.swift in Sources */,
				A0923DAC246B483400F55C3F /* SceneDelegate.swift in Sources */,
				A0923DAE246B483400F55C3F /* ContentView.swift in Sources */,
				A0923DC0246B48D000F55C3F /* UserSettings.swift in Sources */,
			);
			runOnlyForDeploymentPostprocessing = 0;
		};
/* End PBXSourcesBuildPhase section */

/* Begin PBXVariantGroup section */
		A0923DB4246B483500F55C3F /* LaunchScreen.storyboard */ = {
			isa = PBXVariantGroup;
			children = (
				A0923DB5246B483500F55C3F /* Base */,
			);
			name = LaunchScreen.storyboard;
			sourceTree = "<group>";
		};
/* End PBXVariantGroup section */

/* Begin XCBuildConfiguration section */
		A0923DB8246B483500F55C3F /* Debug */ = {
			isa = XCBuildConfiguration;
			buildSettings = {
				ALWAYS_SEARCH_USER_PATHS = NO;
				CLANG_ANALYZER_NONNULL = YES;
				CLANG_ANALYZER_NUMBER_OBJECT_CONVERSION = YES_AGGRESSIVE;
				CLANG_CXX_LANGUAGE_STANDARD = "gnu++14";
				CLANG_CXX_LIBRARY = "libc++";
				CLANG_ENABLE_MODULES = YES;
				CLANG_ENABLE_OBJC_ARC = YES;
				CLANG_ENABLE_OBJC_WEAK = YES;
				CLANG_WARN_BLOCK_CAPTURE_AUTORELEASING = YES;
				CLANG_WARN_BOOL_CONVERSION = YES;
				CLANG_WARN_COMMA = YES;
				CLANG_WARN_CONSTANT_CONVERSION = YES;
				CLANG_WARN_DEPRECATED_OBJC_IMPLEMENTATIONS = YES;
				CLANG_WARN_DIRECT_OBJC_ISA_USAGE = YES_ERROR;
				CLANG_WARN_DOCUMENTATION_COMMENTS = YES;
				CLANG_WARN_EMPTY_BODY = YES;
				CLANG_WARN_ENUM_CONVERSION = YES;
				CLANG_WARN_INFINITE_RECURSION = YES;
				CLANG_WARN_INT_CONVERSION = YES;
				CLANG_WARN_NON_LITERAL_NULL_CONVERSION = YES;
				CLANG_WARN_OBJC_IMPLICIT_RETAIN_SELF = YES;
				CLANG_WARN_OBJC_LITERAL_CONVERSION = YES;
				CLANG_WARN_OBJC_ROOT_CLASS = YES_ERROR;
				CLANG_WARN_RANGE_LOOP_ANALYSIS = YES;
				CLANG_WARN_STRICT_PROTOTYPES = YES;
				CLANG_WARN_SUSPICIOUS_MOVE = YES;
				CLANG_WARN_UNGUARDED_AVAILABILITY = YES_AGGRESSIVE;
				CLANG_WARN_UNREACHABLE_CODE = YES;
				CLANG_WARN__DUPLICATE_METHOD_MATCH = YES;
				COPY_PHASE_STRIP = NO;
				DEBUG_INFORMATION_FORMAT = dwarf;
				ENABLE_STRICT_OBJC_MSGSEND = YES;
				ENABLE_TESTABILITY = YES;
				GCC_C_LANGUAGE_STANDARD = gnu11;
				GCC_DYNAMIC_NO_PIC = NO;
				GCC_NO_COMMON_BLOCKS = YES;
				GCC_OPTIMIZATION_LEVEL = 0;
				GCC_PREPROCESSOR_DEFINITIONS = (
					"DEBUG=1",
					"$(inherited)",
				);
				GCC_WARN_64_TO_32_BIT_CONVERSION = YES;
				GCC_WARN_ABOUT_RETURN_TYPE = YES_ERROR;
				GCC_WARN_UNDECLARED_SELECTOR = YES;
				GCC_WARN_UNINITIALIZED_AUTOS = YES_AGGRESSIVE;
				GCC_WARN_UNUSED_FUNCTION = YES;
				GCC_WARN_UNUSED_VARIABLE = YES;
				IPHONEOS_DEPLOYMENT_TARGET = 13.4;
				MTL_ENABLE_DEBUG_INFO = INCLUDE_SOURCE;
				MTL_FAST_MATH = YES;
				ONLY_ACTIVE_ARCH = YES;
				SDKROOT = iphoneos;
				SWIFT_ACTIVE_COMPILATION_CONDITIONS = DEBUG;
				SWIFT_OPTIMIZATION_LEVEL = "-Onone";
			};
			name = Debug;
		};
		A0923DB9246B483500F55C3F /* Release */ = {
			isa = XCBuildConfiguration;
			buildSettings = {
				ALWAYS_SEARCH_USER_PATHS = NO;
				CLANG_ANALYZER_NONNULL = YES;
				CLANG_ANALYZER_NUMBER_OBJECT_CONVERSION = YES_AGGRESSIVE;
				CLANG_CXX_LANGUAGE_STANDARD = "gnu++14";
				CLANG_CXX_LIBRARY = "libc++";
				CLANG_ENABLE_MODULES = YES;
				CLANG_ENABLE_OBJC_ARC = YES;
				CLANG_ENABLE_OBJC_WEAK = YES;
				CLANG_WARN_BLOCK_CAPTURE_AUTORELEASING = YES;
				CLANG_WARN_BOOL_CONVERSION = YES;
				CLANG_WARN_COMMA = YES;
				CLANG_WARN_CONSTANT_CONVERSION = YES;
				CLANG_WARN_DEPRECATED_OBJC_IMPLEMENTATIONS = YES;
				CLANG_WARN_DIRECT_OBJC_ISA_USAGE = YES_ERROR;
				CLANG_WARN_DOCUMENTATION_COMMENTS = YES;
				CLANG_WARN_EMPTY_BODY = YES;
				CLANG_WARN_ENUM_CONVERSION = YES;
				CLANG_WARN_INFINITE_RECURSION = YES;
				CLANG_WARN_INT_CONVERSION = YES;
				CLANG_WARN_NON_LITERAL_NULL_CONVERSION = YES;
				CLANG_WARN_OBJC_IMPLICIT_RETAIN_SELF = YES;
				CLANG_WARN_OBJC_LITERAL_CONVERSION = YES;
				CLANG_WARN_OBJC_ROOT_CLASS = YES_ERROR;
				CLANG_WARN_RANGE_LOOP_ANALYSIS = YES;
				CLANG_WARN_STRICT_PROTOTYPES = YES;
				CLANG_WARN_SUSPICIOUS_MOVE = YES;
				CLANG_WARN_UNGUARDED_AVAILABILITY = YES_AGGRESSIVE;
				CLANG_WARN_UNREACHABLE_CODE = YES;
				CLANG_WARN__DUPLICATE_METHOD_MATCH = YES;
				COPY_PHASE_STRIP = NO;
				DEBUG_INFORMATION_FORMAT = "dwarf-with-dsym";
				ENABLE_NS_ASSERTIONS = NO;
				ENABLE_STRICT_OBJC_MSGSEND = YES;
				GCC_C_LANGUAGE_STANDARD = gnu11;
				GCC_NO_COMMON_BLOCKS = YES;
				GCC_WARN_64_TO_32_BIT_CONVERSION = YES;
				GCC_WARN_ABOUT_RETURN_TYPE = YES_ERROR;
				GCC_WARN_UNDECLARED_SELECTOR = YES;
				GCC_WARN_UNINITIALIZED_AUTOS = YES_AGGRESSIVE;
				GCC_WARN_UNUSED_FUNCTION = YES;
				GCC_WARN_UNUSED_VARIABLE = YES;
				IPHONEOS_DEPLOYMENT_TARGET = 13.4;
				MTL_ENABLE_DEBUG_INFO = NO;
				MTL_FAST_MATH = YES;
				SDKROOT = iphoneos;
				SWIFT_COMPILATION_MODE = wholemodule;
				SWIFT_OPTIMIZATION_LEVEL = "-O";
				VALIDATE_PRODUCT = YES;
			};
			name = Release;
		};
		A0923DBB246B483500F55C3F /* Debug */ = {
			isa = XCBuildConfiguration;
			buildSettings = {
				ASSETCATALOG_COMPILER_APPICON_NAME = AppIcon;
				CODE_SIGN_STYLE = Automatic;
				DEVELOPMENT_ASSET_PATHS = "\"envobjects-playground/Preview Content\"";
				DEVELOPMENT_TEAM = 9ZLG5436N6;
				ENABLE_PREVIEWS = YES;
				INFOPLIST_FILE = "envobjects-playground/Info.plist";
				LD_RUNPATH_SEARCH_PATHS = (
					"$(inherited)",
					"@executable_path/Frameworks",
				);
				PRODUCT_BUNDLE_IDENTIFIER = "tech.nextiles.envobjects-playground";
				PRODUCT_NAME = "$(TARGET_NAME)";
				SWIFT_VERSION = 5.0;
				TARGETED_DEVICE_FAMILY = "1,2";
			};
			name = Debug;
		};
		A0923DBC246B483500F55C3F /* Release */ = {
			isa = XCBuildConfiguration;
			buildSettings = {
				ASSETCATALOG_COMPILER_APPICON_NAME = AppIcon;
				CODE_SIGN_STYLE = Automatic;
				DEVELOPMENT_ASSET_PATHS = "\"envobjects-playground/Preview Content\"";
				DEVELOPMENT_TEAM = 9ZLG5436N6;
				ENABLE_PREVIEWS = YES;
				INFOPLIST_FILE = "envobjects-playground/Info.plist";
				LD_RUNPATH_SEARCH_PATHS = (
					"$(inherited)",
					"@executable_path/Frameworks",
				);
				PRODUCT_BUNDLE_IDENTIFIER = "tech.nextiles.envobjects-playground";
				PRODUCT_NAME = "$(TARGET_NAME)";
				SWIFT_VERSION = 5.0;
				TARGETED_DEVICE_FAMILY = "1,2";
			};
			name = Release;
		};
/* End XCBuildConfiguration section */

/* Begin XCConfigurationList section */
		A0923DA1246B483400F55C3F /* Build configuration list for PBXProject "envobjects-playground" */ = {
			isa = XCConfigurationList;
			buildConfigurations = (
				A0923DB8246B483500F55C3F /* Debug */,
				A0923DB9246B483500F55C3F /* Release */,
			);
			defaultConfigurationIsVisible = 0;
			defaultConfigurationName = Release;
		};
		A0923DBA246B483500F55C3F /* Build configuration list for PBXNativeTarget "envobjects-playground" */ = {
			isa = XCConfigurationList;
			buildConfigurations = (
				A0923DBB246B483500F55C3F /* Debug */,
				A0923DBC246B483500F55C3F /* Release */,
			);
			defaultConfigurationIsVisible = 0;
			defaultConfigurationName = Release;
		};
/* End XCConfigurationList section */
	};
	rootObject = A0923D9E246B483400F55C3F /* Project object */;
}
