// !$*UTF8*$!
{
	archiveVersion = 1;
	classes = {
	};
	objectVersion = 50;
	objects = {

/* Begin PBXBuildFile section */
		A049E0DA246B02A20091CB95 /* AppDelegate.swift in Sources */ = {isa = PBXBuildFile; fileRef = A049E0D9246B02A20091CB95 /* AppDelegate.swift */; };
		A049E0DC246B02A20091CB95 /* SceneDelegate.swift in Sources */ = {isa = PBXBuildFile; fileRef = A049E0DB246B02A20091CB95 /* SceneDelegate.swift */; };
		A049E0DE246B02A20091CB95 /* ContentView.swift in Sources */ = {isa = PBXBuildFile; fileRef = A049E0DD246B02A20091CB95 /* ContentView.swift */; };
		A049E0E0246B02A30091CB95 /* Assets.xcassets in Resources */ = {isa = PBXBuildFile; fileRef = A049E0DF246B02A30091CB95 /* Assets.xcassets */; };
		A049E0E3246B02A30091CB95 /* Preview Assets.xcassets in Resources */ = {isa = PBXBuildFile; fileRef = A049E0E2246B02A30091CB95 /* Preview Assets.xcassets */; };
		A049E0E6246B02A30091CB95 /* LaunchScreen.storyboard in Resources */ = {isa = PBXBuildFile; fileRef = A049E0E4246B02A30091CB95 /* LaunchScreen.storyboard */; };
		A049E0F0246B045E0091CB95 /* Task.swift in Sources */ = {isa = PBXBuildFile; fileRef = A049E0EF246B045E0091CB95 /* Task.swift */; };
/* End PBXBuildFile section */

/* Begin PBXFileReference section */
		A049E0D6246B02A20091CB95 /* state-playground.app */ = {isa = PBXFileReference; explicitFileType = wrapper.application; includeInIndex = 0; path = "state-playground.app"; sourceTree = BUILT_PRODUCTS_DIR; };
		A049E0D9246B02A20091CB95 /* AppDelegate.swift */ = {isa = PBXFileReference; lastKnownFileType = sourcecode.swift; path = AppDelegate.swift; sourceTree = "<group>"; };
		A049E0DB246B02A20091CB95 /* SceneDelegate.swift */ = {isa = PBXFileReference; lastKnownFileType = sourcecode.swift; path = SceneDelegate.swift; sourceTree = "<group>"; };
		A049E0DD246B02A20091CB95 /* ContentView.swift */ = {isa = PBXFileReference; lastKnownFileType = sourcecode.swift; path = ContentView.swift; sourceTree = "<group>"; };
		A049E0DF246B02A30091CB95 /* Assets.xcassets */ = {isa = PBXFileReference; lastKnownFileType = folder.assetcatalog; path = Assets.xcassets; sourceTree = "<group>"; };
		A049E0E2246B02A30091CB95 /* Preview Assets.xcassets */ = {isa = PBXFileReference; lastKnownFileType = folder.assetcatalog; path = "Preview Assets.xcassets"; sourceTree = "<group>"; };
		A049E0E5246B02A30091CB95 /* Base */ = {isa = PBXFileReference; lastKnownFileType = file.storyboard; name = Base; path = Base.lproj/LaunchScreen.storyboard; sourceTree = "<group>"; };
		A049E0E7246B02A30091CB95 /* Info.plist */ = {isa = PBXFileReference; lastKnownFileType = text.plist.xml; path = Info.plist; sourceTree = "<group>"; };
		A049E0EF246B045E0091CB95 /* Task.swift */ = {isa = PBXFileReference; lastKnownFileType = sourcecode.swift; path = Task.swift; sourceTree = "<group>"; };
/* End PBXFileReference section */

/* Begin PBXFrameworksBuildPhase section */
		A049E0D3246B02A20091CB95 /* Frameworks */ = {
			isa = PBXFrameworksBuildPhase;
			buildActionMask = 2147483647;
			files = (
			);
			runOnlyForDeploymentPostprocessing = 0;
		};
/* End PBXFrameworksBuildPhase section */

/* Begin PBXGroup section */
		A049E0CD246B02A20091CB95 = {
			isa = PBXGroup;
			children = (
				A049E0D8246B02A20091CB95 /* state-playground */,
				A049E0D7246B02A20091CB95 /* Products */,
			);
			sourceTree = "<group>";
		};
		A049E0D7246B02A20091CB95 /* Products */ = {
			isa = PBXGroup;
			children = (
				A049E0D6246B02A20091CB95 /* state-playground.app */,
			);
			name = Products;
			sourceTree = "<group>";
		};
		A049E0D8246B02A20091CB95 /* state-playground */ = {
			isa = PBXGroup;
			children = (
				A049E0EF246B045E0091CB95 /* Task.swift */,
				A049E0D9246B02A20091CB95 /* AppDelegate.swift */,
				A049E0DB246B02A20091CB95 /* SceneDelegate.swift */,
				A049E0DD246B02A20091CB95 /* ContentView.swift */,
				A049E0DF246B02A30091CB95 /* Assets.xcassets */,
				A049E0E4246B02A30091CB95 /* LaunchScreen.storyboard */,
				A049E0E7246B02A30091CB95 /* Info.plist */,
				A049E0E1246B02A30091CB95 /* Preview Content */,
			);
			path = "state-playground";
			sourceTree = "<group>";
		};
		A049E0E1246B02A30091CB95 /* Preview Content */ = {
			isa = PBXGroup;
			children = (
				A049E0E2246B02A30091CB95 /* Preview Assets.xcassets */,
			);
			path = "Preview Content";
			sourceTree = "<group>";
		};
/* End PBXGroup section */

/* Begin PBXNativeTarget section */
		A049E0D5246B02A20091CB95 /* state-playground */ = {
			isa = PBXNativeTarget;
			buildConfigurationList = A049E0EA246B02A30091CB95 /* Build configuration list for PBXNativeTarget "state-playground" */;
			buildPhases = (
				A049E0D2246B02A20091CB95 /* Sources */,
				A049E0D3246B02A20091CB95 /* Frameworks */,
				A049E0D4246B02A20091CB95 /* Resources */,
			);
			buildRules = (
			);
			dependencies = (
			);
			name = "state-playground";
			productName = "state-playground";
			productReference = A049E0D6246B02A20091CB95 /* state-playground.app */;
			productType = "com.apple.product-type.application";
		};
/* End PBXNativeTarget section */

/* Begin PBXProject section */
		A049E0CE246B02A20091CB95 /* Project object */ = {
			isa = PBXProject;
			attributes = {
				LastSwiftUpdateCheck = 1140;
				LastUpgradeCheck = 1140;
				ORGANIZATIONNAME = Nextiles;
				TargetAttributes = {
					A049E0D5246B02A20091CB95 = {
						CreatedOnToolsVersion = 11.4.1;
					};
				};
			};
			buildConfigurationList = A049E0D1246B02A20091CB95 /* Build configuration list for PBXProject "state-playground" */;
			compatibilityVersion = "Xcode 9.3";
			developmentRegion = en;
			hasScannedForEncodings = 0;
			knownRegions = (
				en,
				Base,
			);
			mainGroup = A049E0CD246B02A20091CB95;
			productRefGroup = A049E0D7246B02A20091CB95 /* Products */;
			projectDirPath = "";
			projectRoot = "";
			targets = (
				A049E0D5246B02A20091CB95 /* state-playground */,
			);
		};
/* End PBXProject section */

/* Begin PBXResourcesBuildPhase section */
		A049E0D4246B02A20091CB95 /* Resources */ = {
			isa = PBXResourcesBuildPhase;
			buildActionMask = 2147483647;
			files = (
				A049E0E6246B02A30091CB95 /* LaunchScreen.storyboard in Resources */,
				A049E0E3246B02A30091CB95 /* Preview Assets.xcassets in Resources */,
				A049E0E0246B02A30091CB95 /* Assets.xcassets in Resources */,
			);
			runOnlyForDeploymentPostprocessing = 0;
		};
/* End PBXResourcesBuildPhase section */

/* Begin PBXSourcesBuildPhase section */
		A049E0D2246B02A20091CB95 /* Sources */ = {
			isa = PBXSourcesBuildPhase;
			buildActionMask = 2147483647;
			files = (
				A049E0F0246B045E0091CB95 /* Task.swift in Sources */,
				A049E0DA246B02A20091CB95 /* AppDelegate.swift in Sources */,
				A049E0DC246B02A20091CB95 /* SceneDelegate.swift in Sources */,
				A049E0DE246B02A20091CB95 /* ContentView.swift in Sources */,
			);
			runOnlyForDeploymentPostprocessing = 0;
		};
/* End PBXSourcesBuildPhase section */

/* Begin PBXVariantGroup section */
		A049E0E4246B02A30091CB95 /* LaunchScreen.storyboard */ = {
			isa = PBXVariantGroup;
			children = (
				A049E0E5246B02A30091CB95 /* Base */,
			);
			name = LaunchScreen.storyboard;
			sourceTree = "<group>";
		};
/* End PBXVariantGroup section */

/* Begin XCBuildConfiguration section */
		A049E0E8246B02A30091CB95 /* Debug */ = {
			isa = XCBuildConfiguration;
			buildSettings = {
				ALWAYS_SEARCH_USER_PATHS = NO;
				CLANG_ANALYZER_NONNULL = YES;
				CLANG_ANALYZER_NUMBER_OBJECT_CONVERSION = YES_AGGRESSIVE;
				CLANG_CXX_LANGUAGE_STANDARD = "gnu++14";
				CLANG_CXX_LIBRARY = "libc++";
				CLANG_ENABLE_MODULES = YES;
				CLANG_ENABLE_OBJC_ARC = YES;
				CLANG_ENABLE_OBJC_WEAK = YES;
				CLANG_WARN_BLOCK_CAPTURE_AUTORELEASING = YES;
				CLANG_WARN_BOOL_CONVERSION = YES;
				CLANG_WARN_COMMA = YES;
				CLANG_WARN_CONSTANT_CONVERSION = YES;
				CLANG_WARN_DEPRECATED_OBJC_IMPLEMENTATIONS = YES;
				CLANG_WARN_DIRECT_OBJC_ISA_USAGE = YES_ERROR;
				CLANG_WARN_DOCUMENTATION_COMMENTS = YES;
				CLANG_WARN_EMPTY_BODY = YES;
				CLANG_WARN_ENUM_CONVERSION = YES;
				CLANG_WARN_INFINITE_RECURSION = YES;
				CLANG_WARN_INT_CONVERSION = YES;
				CLANG_WARN_NON_LITERAL_NULL_CONVERSION = YES;
				CLANG_WARN_OBJC_IMPLICIT_RETAIN_SELF = YES;
				CLANG_WARN_OBJC_LITERAL_CONVERSION = YES;
				CLANG_WARN_OBJC_ROOT_CLASS = YES_ERROR;
				CLANG_WARN_RANGE_LOOP_ANALYSIS = YES;
				CLANG_WARN_STRICT_PROTOTYPES = YES;
				CLANG_WARN_SUSPICIOUS_MOVE = YES;
				CLANG_WARN_UNGUARDED_AVAILABILITY = YES_AGGRESSIVE;
				CLANG_WARN_UNREACHABLE_CODE = YES;
				CLANG_WARN__DUPLICATE_METHOD_MATCH = YES;
				COPY_PHASE_STRIP = NO;
				DEBUG_INFORMATION_FORMAT = dwarf;
				ENABLE_STRICT_OBJC_MSGSEND = YES;
				ENABLE_TESTABILITY = YES;
				GCC_C_LANGUAGE_STANDARD = gnu11;
				GCC_DYNAMIC_NO_PIC = NO;
				GCC_NO_COMMON_BLOCKS = YES;
				GCC_OPTIMIZATION_LEVEL = 0;
				GCC_PREPROCESSOR_DEFINITIONS = (
					"DEBUG=1",
					"$(inherited)",
				);
				GCC_WARN_64_TO_32_BIT_CONVERSION = YES;
				GCC_WARN_ABOUT_RETURN_TYPE = YES_ERROR;
				GCC_WARN_UNDECLARED_SELECTOR = YES;
				GCC_WARN_UNINITIALIZED_AUTOS = YES_AGGRESSIVE;
				GCC_WARN_UNUSED_FUNCTION = YES;
				GCC_WARN_UNUSED_VARIABLE = YES;
				IPHONEOS_DEPLOYMENT_TARGET = 13.4;
				MTL_ENABLE_DEBUG_INFO = INCLUDE_SOURCE;
				MTL_FAST_MATH = YES;
				ONLY_ACTIVE_ARCH = YES;
				SDKROOT = iphoneos;
				SWIFT_ACTIVE_COMPILATION_CONDITIONS = DEBUG;
				SWIFT_OPTIMIZATION_LEVEL = "-Onone";
			};
			name = Debug;
		};
		A049E0E9246B02A30091CB95 /* Release */ = {
			isa = XCBuildConfiguration;
			buildSettings = {
				ALWAYS_SEARCH_USER_PATHS = NO;
				CLANG_ANALYZER_NONNULL = YES;
				CLANG_ANALYZER_NUMBER_OBJECT_CONVERSION = YES_AGGRESSIVE;
				CLANG_CXX_LANGUAGE_STANDARD = "gnu++14";
				CLANG_CXX_LIBRARY = "libc++";
				CLANG_ENABLE_MODULES = YES;
				CLANG_ENABLE_OBJC_ARC = YES;
				CLANG_ENABLE_OBJC_WEAK = YES;
				CLANG_WARN_BLOCK_CAPTURE_AUTORELEASING = YES;
				CLANG_WARN_BOOL_CONVERSION = YES;
				CLANG_WARN_COMMA = YES;
				CLANG_WARN_CONSTANT_CONVERSION = YES;
				CLANG_WARN_DEPRECATED_OBJC_IMPLEMENTATIONS = YES;
				CLANG_WARN_DIRECT_OBJC_ISA_USAGE = YES_ERROR;
				CLANG_WARN_DOCUMENTATION_COMMENTS = YES;
				CLANG_WARN_EMPTY_BODY = YES;
				CLANG_WARN_ENUM_CONVERSION = YES;
				CLANG_WARN_INFINITE_RECURSION = YES;
				CLANG_WARN_INT_CONVERSION = YES;
				CLANG_WARN_NON_LITERAL_NULL_CONVERSION = YES;
				CLANG_WARN_OBJC_IMPLICIT_RETAIN_SELF = YES;
				CLANG_WARN_OBJC_LITERAL_CONVERSION = YES;
				CLANG_WARN_OBJC_ROOT_CLASS = YES_ERROR;
				CLANG_WARN_RANGE_LOOP_ANALYSIS = YES;
				CLANG_WARN_STRICT_PROTOTYPES = YES;
				CLANG_WARN_SUSPICIOUS_MOVE = YES;
				CLANG_WARN_UNGUARDED_AVAILABILITY = YES_AGGRESSIVE;
				CLANG_WARN_UNREACHABLE_CODE = YES;
				CLANG_WARN__DUPLICATE_METHOD_MATCH = YES;
				COPY_PHASE_STRIP = NO;
				DEBUG_INFORMATION_FORMAT = "dwarf-with-dsym";
				ENABLE_NS_ASSERTIONS = NO;
				ENABLE_STRICT_OBJC_MSGSEND = YES;
				GCC_C_LANGUAGE_STANDARD = gnu11;
				GCC_NO_COMMON_BLOCKS = YES;
				GCC_WARN_64_TO_32_BIT_CONVERSION = YES;
				GCC_WARN_ABOUT_RETURN_TYPE = YES_ERROR;
				GCC_WARN_UNDECLARED_SELECTOR = YES;
				GCC_WARN_UNINITIALIZED_AUTOS = YES_AGGRESSIVE;
				GCC_WARN_UNUSED_FUNCTION = YES;
				GCC_WARN_UNUSED_VARIABLE = YES;
				IPHONEOS_DEPLOYMENT_TARGET = 13.4;
				MTL_ENABLE_DEBUG_INFO = NO;
				MTL_FAST_MATH = YES;
				SDKROOT = iphoneos;
				SWIFT_COMPILATION_MODE = wholemodule;
				SWIFT_OPTIMIZATION_LEVEL = "-O";
				VALIDATE_PRODUCT = YES;
			};
			name = Release;
		};
		A049E0EB246B02A30091CB95 /* Debug */ = {
			isa = XCBuildConfiguration;
			buildSettings = {
				ASSETCATALOG_COMPILER_APPICON_NAME = AppIcon;
				CODE_SIGN_STYLE = Automatic;
				DEVELOPMENT_ASSET_PATHS = "\"state-playground/Preview Content\"";
				DEVELOPMENT_TEAM = 9ZLG5436N6;
				ENABLE_PREVIEWS = YES;
				INFOPLIST_FILE = "state-playground/Info.plist";
				LD_RUNPATH_SEARCH_PATHS = (
					"$(inherited)",
					"@executable_path/Frameworks",
				);
				PRODUCT_BUNDLE_IDENTIFIER = "tech.nextiles.state-playground";
				PRODUCT_NAME = "$(TARGET_NAME)";
				SWIFT_VERSION = 5.0;
				TARGETED_DEVICE_FAMILY = "1,2";
			};
			name = Debug;
		};
		A049E0EC246B02A30091CB95 /* Release */ = {
			isa = XCBuildConfiguration;
			buildSettings = {
				ASSETCATALOG_COMPILER_APPICON_NAME = AppIcon;
				CODE_SIGN_STYLE = Automatic;
				DEVELOPMENT_ASSET_PATHS = "\"state-playground/Preview Content\"";
				DEVELOPMENT_TEAM = 9ZLG5436N6;
				ENABLE_PREVIEWS = YES;
				INFOPLIST_FILE = "state-playground/Info.plist";
				LD_RUNPATH_SEARCH_PATHS = (
					"$(inherited)",
					"@executable_path/Frameworks",
				);
				PRODUCT_BUNDLE_IDENTIFIER = "tech.nextiles.state-playground";
				PRODUCT_NAME = "$(TARGET_NAME)";
				SWIFT_VERSION = 5.0;
				TARGETED_DEVICE_FAMILY = "1,2";
			};
			name = Release;
		};
/* End XCBuildConfiguration section */

/* Begin XCConfigurationList section */
		A049E0D1246B02A20091CB95 /* Build configuration list for PBXProject "state-playground" */ = {
			isa = XCConfigurationList;
			buildConfigurations = (
				A049E0E8246B02A30091CB95 /* Debug */,
				A049E0E9246B02A30091CB95 /* Release */,
			);
			defaultConfigurationIsVisible = 0;
			defaultConfigurationName = Release;
		};
		A049E0EA246B02A30091CB95 /* Build configuration list for PBXNativeTarget "state-playground" */ = {
			isa = XCConfigurationList;
			buildConfigurations = (
				A049E0EB246B02A30091CB95 /* Debug */,
				A049E0EC246B02A30091CB95 /* Release */,
			);
			defaultConfigurationIsVisible = 0;
			defaultConfigurationName = Release;
		};
/* End XCConfigurationList section */
	};
	rootObject = A049E0CE246B02A20091CB95 /* Project object */;
}
