// !$*UTF8*$!
{
	archiveVersion = 1;
	classes = {
	};
	objectVersion = 50;
	objects = {

/* Begin PBXBuildFile section */
		A0AE296A246B4262007D93FD /* AppDelegate.swift in Sources */ = {isa = PBXBuildFile; fileRef = A0AE2969246B4262007D93FD /* AppDelegate.swift */; };
		A0AE296C246B4262007D93FD /* SceneDelegate.swift in Sources */ = {isa = PBXBuildFile; fileRef = A0AE296B246B4262007D93FD /* SceneDelegate.swift */; };
		A0AE296E246B4262007D93FD /* ContentView.swift in Sources */ = {isa = PBXBuildFile; fileRef = A0AE296D246B4262007D93FD /* ContentView.swift */; };
		A0AE2970246B4265007D93FD /* Assets.xcassets in Resources */ = {isa = PBXBuildFile; fileRef = A0AE296F246B4265007D93FD /* Assets.xcassets */; };
		A0AE2973246B4265007D93FD /* Preview Assets.xcassets in Resources */ = {isa = PBXBuildFile; fileRef = A0AE2972246B4265007D93FD /* Preview Assets.xcassets */; };
		A0AE2976246B4265007D93FD /* LaunchScreen.storyboard in Resources */ = {isa = PBXBuildFile; fileRef = A0AE2974246B4265007D93FD /* LaunchScreen.storyboard */; };
		A0AE297F246B4279007D93FD /* Episode.swift in Sources */ = {isa = PBXBuildFile; fileRef = A0AE297E246B4279007D93FD /* Episode.swift */; };
/* End PBXBuildFile section */

/* Begin PBXFileReference section */
		A0AE2966246B4262007D93FD /* binding-playground.app */ = {isa = PBXFileReference; explicitFileType = wrapper.application; includeInIndex = 0; path = "binding-playground.app"; sourceTree = BUILT_PRODUCTS_DIR; };
		A0AE2969246B4262007D93FD /* AppDelegate.swift */ = {isa = PBXFileReference; lastKnownFileType = sourcecode.swift; path = AppDelegate.swift; sourceTree = "<group>"; };
		A0AE296B246B4262007D93FD /* SceneDelegate.swift */ = {isa = PBXFileReference; lastKnownFileType = sourcecode.swift; path = SceneDelegate.swift; sourceTree = "<group>"; };
		A0AE296D246B4262007D93FD /* ContentView.swift */ = {isa = PBXFileReference; lastKnownFileType = sourcecode.swift; path = ContentView.swift; sourceTree = "<group>"; };
		A0AE296F246B4265007D93FD /* Assets.xcassets */ = {isa = PBXFileReference; lastKnownFileType = folder.assetcatalog; path = Assets.xcassets; sourceTree = "<group>"; };
		A0AE2972246B4265007D93FD /* Preview Assets.xcassets */ = {isa = PBXFileReference; lastKnownFileType = folder.assetcatalog; path = "Preview Assets.xcassets"; sourceTree = "<group>"; };
		A0AE2975246B4265007D93FD /* Base */ = {isa = PBXFileReference; lastKnownFileType = file.storyboard; name = Base; path = Base.lproj/LaunchScreen.storyboard; sourceTree = "<group>"; };
		A0AE2977246B4265007D93FD /* Info.plist */ = {isa = PBXFileReference; lastKnownFileType = text.plist.xml; path = Info.plist; sourceTree = "<group>"; };
		A0AE297E246B4279007D93FD /* Episode.swift */ = {isa = PBXFileReference; lastKnownFileType = sourcecode.swift; path = Episode.swift; sourceTree = "<group>"; };
/* End PBXFileReference section */

/* Begin PBXFrameworksBuildPhase section */
		A0AE2963246B4262007D93FD /* Frameworks */ = {
			isa = PBXFrameworksBuildPhase;
			buildActionMask = 2147483647;
			files = (
			);
			runOnlyForDeploymentPostprocessing = 0;
		};
/* End PBXFrameworksBuildPhase section */

/* Begin PBXGroup section */
		A0AE295D246B4262007D93FD = {
			isa = PBXGroup;
			children = (
				A0AE2968246B4262007D93FD /* binding-playground */,
				A0AE2967246B4262007D93FD /* Products */,
			);
			sourceTree = "<group>";
		};
		A0AE2967246B4262007D93FD /* Products */ = {
			isa = PBXGroup;
			children = (
				A0AE2966246B4262007D93FD /* binding-playground.app */,
			);
			name = Products;
			sourceTree = "<group>";
		};
		A0AE2968246B4262007D93FD /* binding-playground */ = {
			isa = PBXGroup;
			children = (
				A0AE297D246B426A007D93FD /* Model */,
				A0AE2969246B4262007D93FD /* AppDelegate.swift */,
				A0AE296B246B4262007D93FD /* SceneDelegate.swift */,
				A0AE296D246B4262007D93FD /* ContentView.swift */,
				A0AE296F246B4265007D93FD /* Assets.xcassets */,
				A0AE2974246B4265007D93FD /* LaunchScreen.storyboard */,
				A0AE2977246B4265007D93FD /* Info.plist */,
				A0AE2971246B4265007D93FD /* Preview Content */,
			);
			path = "binding-playground";
			sourceTree = "<group>";
		};
		A0AE2971246B4265007D93FD /* Preview Content */ = {
			isa = PBXGroup;
			children = (
				A0AE2972246B4265007D93FD /* Preview Assets.xcassets */,
			);
			path = "Preview Content";
			sourceTree = "<group>";
		};
		A0AE297D246B426A007D93FD /* Model */ = {
			isa = PBXGroup;
			children = (
				A0AE297E246B4279007D93FD /* Episode.swift */,
			);
			path = Model;
			sourceTree = "<group>";
		};
/* End PBXGroup section */

/* Begin PBXNativeTarget section */
		A0AE2965246B4262007D93FD /* binding-playground */ = {
			isa = PBXNativeTarget;
			buildConfigurationList = A0AE297A246B4265007D93FD /* Build configuration list for PBXNativeTarget "binding-playground" */;
			buildPhases = (
				A0AE2962246B4262007D93FD /* Sources */,
				A0AE2963246B4262007D93FD /* Frameworks */,
				A0AE2964246B4262007D93FD /* Resources */,
			);
			buildRules = (
			);
			dependencies = (
			);
			name = "binding-playground";
			productName = "binding-playground";
			productReference = A0AE2966246B4262007D93FD /* binding-playground.app */;
			productType = "com.apple.product-type.application";
		};
/* End PBXNativeTarget section */

/* Begin PBXProject section */
		A0AE295E246B4262007D93FD /* Project object */ = {
			isa = PBXProject;
			attributes = {
				LastSwiftUpdateCheck = 1140;
				LastUpgradeCheck = 1140;
				ORGANIZATIONNAME = Nextiles;
				TargetAttributes = {
					A0AE2965246B4262007D93FD = {
						CreatedOnToolsVersion = 11.4.1;
					};
				};
			};
			buildConfigurationList = A0AE2961246B4262007D93FD /* Build configuration list for PBXProject "binding-playground" */;
			compatibilityVersion = "Xcode 9.3";
			developmentRegion = en;
			hasScannedForEncodings = 0;
			knownRegions = (
				en,
				Base,
			);
			mainGroup = A0AE295D246B4262007D93FD;
			productRefGroup = A0AE2967246B4262007D93FD /* Products */;
			projectDirPath = "";
			projectRoot = "";
			targets = (
				A0AE2965246B4262007D93FD /* binding-playground */,
			);
		};
/* End PBXProject section */

/* Begin PBXResourcesBuildPhase section */
		A0AE2964246B4262007D93FD /* Resources */ = {
			isa = PBXResourcesBuildPhase;
			buildActionMask = 2147483647;
			files = (
				A0AE2976246B4265007D93FD /* LaunchScreen.storyboard in Resources */,
				A0AE2973246B4265007D93FD /* Preview Assets.xcassets in Resources */,
				A0AE2970246B4265007D93FD /* Assets.xcassets in Resources */,
			);
			runOnlyForDeploymentPostprocessing = 0;
		};
/* End PBXResourcesBuildPhase section */

/* Begin PBXSourcesBuildPhase section */
		A0AE2962246B4262007D93FD /* Sources */ = {
			isa = PBXSourcesBuildPhase;
			buildActionMask = 2147483647;
			files = (
				A0AE296A246B4262007D93FD /* AppDelegate.swift in Sources */,
				A0AE297F246B4279007D93FD /* Episode.swift in Sources */,
				A0AE296C246B4262007D93FD /* SceneDelegate.swift in Sources */,
				A0AE296E246B4262007D93FD /* ContentView.swift in Sources */,
			);
			runOnlyForDeploymentPostprocessing = 0;
		};
/* End PBXSourcesBuildPhase section */

/* Begin PBXVariantGroup section */
		A0AE2974246B4265007D93FD /* LaunchScreen.storyboard */ = {
			isa = PBXVariantGroup;
			children = (
				A0AE2975246B4265007D93FD /* Base */,
			);
			name = LaunchScreen.storyboard;
			sourceTree = "<group>";
		};
/* End PBXVariantGroup section */

/* Begin XCBuildConfiguration section */
		A0AE2978246B4265007D93FD /* Debug */ = {
			isa = XCBuildConfiguration;
			buildSettings = {
				ALWAYS_SEARCH_USER_PATHS = NO;
				CLANG_ANALYZER_NONNULL = YES;
				CLANG_ANALYZER_NUMBER_OBJECT_CONVERSION = YES_AGGRESSIVE;
				CLANG_CXX_LANGUAGE_STANDARD = "gnu++14";
				CLANG_CXX_LIBRARY = "libc++";
				CLANG_ENABLE_MODULES = YES;
				CLANG_ENABLE_OBJC_ARC = YES;
				CLANG_ENABLE_OBJC_WEAK = YES;
				CLANG_WARN_BLOCK_CAPTURE_AUTORELEASING = YES;
				CLANG_WARN_BOOL_CONVERSION = YES;
				CLANG_WARN_COMMA = YES;
				CLANG_WARN_CONSTANT_CONVERSION = YES;
				CLANG_WARN_DEPRECATED_OBJC_IMPLEMENTATIONS = YES;
				CLANG_WARN_DIRECT_OBJC_ISA_USAGE = YES_ERROR;
				CLANG_WARN_DOCUMENTATION_COMMENTS = YES;
				CLANG_WARN_EMPTY_BODY = YES;
				CLANG_WARN_ENUM_CONVERSION = YES;
				CLANG_WARN_INFINITE_RECURSION = YES;
				CLANG_WARN_INT_CONVERSION = YES;
				CLANG_WARN_NON_LITERAL_NULL_CONVERSION = YES;
				CLANG_WARN_OBJC_IMPLICIT_RETAIN_SELF = YES;
				CLANG_WARN_OBJC_LITERAL_CONVERSION = YES;
				CLANG_WARN_OBJC_ROOT_CLASS = YES_ERROR;
				CLANG_WARN_RANGE_LOOP_ANALYSIS = YES;
				CLANG_WARN_STRICT_PROTOTYPES = YES;
				CLANG_WARN_SUSPICIOUS_MOVE = YES;
				CLANG_WARN_UNGUARDED_AVAILABILITY = YES_AGGRESSIVE;
				CLANG_WARN_UNREACHABLE_CODE = YES;
				CLANG_WARN__DUPLICATE_METHOD_MATCH = YES;
				COPY_PHASE_STRIP = NO;
				DEBUG_INFORMATION_FORMAT = dwarf;
				ENABLE_STRICT_OBJC_MSGSEND = YES;
				ENABLE_TESTABILITY = YES;
				GCC_C_LANGUAGE_STANDARD = gnu11;
				GCC_DYNAMIC_NO_PIC = NO;
				GCC_NO_COMMON_BLOCKS = YES;
				GCC_OPTIMIZATION_LEVEL = 0;
				GCC_PREPROCESSOR_DEFINITIONS = (
					"DEBUG=1",
					"$(inherited)",
				);
				GCC_WARN_64_TO_32_BIT_CONVERSION = YES;
				GCC_WARN_ABOUT_RETURN_TYPE = YES_ERROR;
				GCC_WARN_UNDECLARED_SELECTOR = YES;
				GCC_WARN_UNINITIALIZED_AUTOS = YES_AGGRESSIVE;
				GCC_WARN_UNUSED_FUNCTION = YES;
				GCC_WARN_UNUSED_VARIABLE = YES;
				IPHONEOS_DEPLOYMENT_TARGET = 13.4;
				MTL_ENABLE_DEBUG_INFO = INCLUDE_SOURCE;
				MTL_FAST_MATH = YES;
				ONLY_ACTIVE_ARCH = YES;
				SDKROOT = iphoneos;
				SWIFT_ACTIVE_COMPILATION_CONDITIONS = DEBUG;
				SWIFT_OPTIMIZATION_LEVEL = "-Onone";
			};
			name = Debug;
		};
		A0AE2979246B4265007D93FD /* Release */ = {
			isa = XCBuildConfiguration;
			buildSettings = {
				ALWAYS_SEARCH_USER_PATHS = NO;
				CLANG_ANALYZER_NONNULL = YES;
				CLANG_ANALYZER_NUMBER_OBJECT_CONVERSION = YES_AGGRESSIVE;
				CLANG_CXX_LANGUAGE_STANDARD = "gnu++14";
				CLANG_CXX_LIBRARY = "libc++";
				CLANG_ENABLE_MODULES = YES;
				CLANG_ENABLE_OBJC_ARC = YES;
				CLANG_ENABLE_OBJC_WEAK = YES;
				CLANG_WARN_BLOCK_CAPTURE_AUTORELEASING = YES;
				CLANG_WARN_BOOL_CONVERSION = YES;
				CLANG_WARN_COMMA = YES;
				CLANG_WARN_CONSTANT_CONVERSION = YES;
				CLANG_WARN_DEPRECATED_OBJC_IMPLEMENTATIONS = YES;
				CLANG_WARN_DIRECT_OBJC_ISA_USAGE = YES_ERROR;
				CLANG_WARN_DOCUMENTATION_COMMENTS = YES;
				CLANG_WARN_EMPTY_BODY = YES;
				CLANG_WARN_ENUM_CONVERSION = YES;
				CLANG_WARN_INFINITE_RECURSION = YES;
				CLANG_WARN_INT_CONVERSION = YES;
				CLANG_WARN_NON_LITERAL_NULL_CONVERSION = YES;
				CLANG_WARN_OBJC_IMPLICIT_RETAIN_SELF = YES;
				CLANG_WARN_OBJC_LITERAL_CONVERSION = YES;
				CLANG_WARN_OBJC_ROOT_CLASS = YES_ERROR;
				CLANG_WARN_RANGE_LOOP_ANALYSIS = YES;
				CLANG_WARN_STRICT_PROTOTYPES = YES;
				CLANG_WARN_SUSPICIOUS_MOVE = YES;
				CLANG_WARN_UNGUARDED_AVAILABILITY = YES_AGGRESSIVE;
				CLANG_WARN_UNREACHABLE_CODE = YES;
				CLANG_WARN__DUPLICATE_METHOD_MATCH = YES;
				COPY_PHASE_STRIP = NO;
				DEBUG_INFORMATION_FORMAT = "dwarf-with-dsym";
				ENABLE_NS_ASSERTIONS = NO;
				ENABLE_STRICT_OBJC_MSGSEND = YES;
				GCC_C_LANGUAGE_STANDARD = gnu11;
				GCC_NO_COMMON_BLOCKS = YES;
				GCC_WARN_64_TO_32_BIT_CONVERSION = YES;
				GCC_WARN_ABOUT_RETURN_TYPE = YES_ERROR;
				GCC_WARN_UNDECLARED_SELECTOR = YES;
				GCC_WARN_UNINITIALIZED_AUTOS = YES_AGGRESSIVE;
				GCC_WARN_UNUSED_FUNCTION = YES;
				GCC_WARN_UNUSED_VARIABLE = YES;
				IPHONEOS_DEPLOYMENT_TARGET = 13.4;
				MTL_ENABLE_DEBUG_INFO = NO;
				MTL_FAST_MATH = YES;
				SDKROOT = iphoneos;
				SWIFT_COMPILATION_MODE = wholemodule;
				SWIFT_OPTIMIZATION_LEVEL = "-O";
				VALIDATE_PRODUCT = YES;
			};
			name = Release;
		};
		A0AE297B246B4265007D93FD /* Debug */ = {
			isa = XCBuildConfiguration;
			buildSettings = {
				ASSETCATALOG_COMPILER_APPICON_NAME = AppIcon;
				CODE_SIGN_STYLE = Automatic;
				DEVELOPMENT_ASSET_PATHS = "\"binding-playground/Preview Content\"";
				DEVELOPMENT_TEAM = 9ZLG5436N6;
				ENABLE_PREVIEWS = YES;
				INFOPLIST_FILE = "binding-playground/Info.plist";
				LD_RUNPATH_SEARCH_PATHS = (
					"$(inherited)",
					"@executable_path/Frameworks",
				);
				PRODUCT_BUNDLE_IDENTIFIER = "tech.nextiles.binding-playground";
				PRODUCT_NAME = "$(TARGET_NAME)";
				SWIFT_VERSION = 5.0;
				TARGETED_DEVICE_FAMILY = "1,2";
			};
			name = Debug;
		};
		A0AE297C246B4265007D93FD /* Release */ = {
			isa = XCBuildConfiguration;
			buildSettings = {
				ASSETCATALOG_COMPILER_APPICON_NAME = AppIcon;
				CODE_SIGN_STYLE = Automatic;
				DEVELOPMENT_ASSET_PATHS = "\"binding-playground/Preview Content\"";
				DEVELOPMENT_TEAM = 9ZLG5436N6;
				ENABLE_PREVIEWS = YES;
				INFOPLIST_FILE = "binding-playground/Info.plist";
				LD_RUNPATH_SEARCH_PATHS = (
					"$(inherited)",
					"@executable_path/Frameworks",
				);
				PRODUCT_BUNDLE_IDENTIFIER = "tech.nextiles.binding-playground";
				PRODUCT_NAME = "$(TARGET_NAME)";
				SWIFT_VERSION = 5.0;
				TARGETED_DEVICE_FAMILY = "1,2";
			};
			name = Release;
		};
/* End XCBuildConfiguration section */

/* Begin XCConfigurationList section */
		A0AE2961246B4262007D93FD /* Build configuration list for PBXProject "binding-playground" */ = {
			isa = XCConfigurationList;
			buildConfigurations = (
				A0AE2978246B4265007D93FD /* Debug */,
				A0AE2979246B4265007D93FD /* Release */,
			);
			defaultConfigurationIsVisible = 0;
			defaultConfigurationName = Release;
		};
		A0AE297A246B4265007D93FD /* Build configuration list for PBXNativeTarget "binding-playground" */ = {
			isa = XCConfigurationList;
			buildConfigurations = (
				A0AE297B246B4265007D93FD /* Debug */,
				A0AE297C246B4265007D93FD /* Release */,
			);
			defaultConfigurationIsVisible = 0;
			defaultConfigurationName = Release;
		};
/* End XCConfigurationList section */
	};
	rootObject = A0AE295E246B4262007D93FD /* Project object */;
}
