// !$*UTF8*$!
{
	archiveVersion = 1;
	classes = {
	};
	objectVersion = 50;
	objects = {

/* Begin PBXBuildFile section */
		A095A67E249818B8001CFAB1 /* AppDelegate.swift in Sources */ = {isa = PBXBuildFile; fileRef = A095A67D249818B8001CFAB1 /* AppDelegate.swift */; };
		A095A680249818B8001CFAB1 /* SceneDelegate.swift in Sources */ = {isa = PBXBuildFile; fileRef = A095A67F249818B8001CFAB1 /* SceneDelegate.swift */; };
		A095A682249818B8001CFAB1 /* ContentView.swift in Sources */ = {isa = PBXBuildFile; fileRef = A095A681249818B8001CFAB1 /* ContentView.swift */; };
		A095A684249818BA001CFAB1 /* Assets.xcassets in Resources */ = {isa = PBXBuildFile; fileRef = A095A683249818BA001CFAB1 /* Assets.xcassets */; };
		A095A687249818BA001CFAB1 /* Preview Assets.xcassets in Resources */ = {isa = PBXBuildFile; fileRef = A095A686249818BA001CFAB1 /* Preview Assets.xcassets */; };
		A095A68A249818BA001CFAB1 /* LaunchScreen.storyboard in Resources */ = {isa = PBXBuildFile; fileRef = A095A688249818BA001CFAB1 /* LaunchScreen.storyboard */; };
		A095A69224981902001CFAB1 /* ImagePicker.swift in Sources */ = {isa = PBXBuildFile; fileRef = A095A69124981902001CFAB1 /* ImagePicker.swift */; };
		A095A69424981BD3001CFAB1 /* PhotoCaptureView.swift in Sources */ = {isa = PBXBuildFile; fileRef = A095A69324981BD3001CFAB1 /* PhotoCaptureView.swift */; };
/* End PBXBuildFile section */

/* Begin PBXFileReference section */
		A095A67A249818B8001CFAB1 /* ImagePicker.app */ = {isa = PBXFileReference; explicitFileType = wrapper.application; includeInIndex = 0; path = ImagePicker.app; sourceTree = BUILT_PRODUCTS_DIR; };
		A095A67D249818B8001CFAB1 /* AppDelegate.swift */ = {isa = PBXFileReference; lastKnownFileType = sourcecode.swift; path = AppDelegate.swift; sourceTree = "<group>"; };
		A095A67F249818B8001CFAB1 /* SceneDelegate.swift */ = {isa = PBXFileReference; lastKnownFileType = sourcecode.swift; path = SceneDelegate.swift; sourceTree = "<group>"; };
		A095A681249818B8001CFAB1 /* ContentView.swift */ = {isa = PBXFileReference; lastKnownFileType = sourcecode.swift; path = ContentView.swift; sourceTree = "<group>"; };
		A095A683249818BA001CFAB1 /* Assets.xcassets */ = {isa = PBXFileReference; lastKnownFileType = folder.assetcatalog; path = Assets.xcassets; sourceTree = "<group>"; };
		A095A686249818BA001CFAB1 /* Preview Assets.xcassets */ = {isa = PBXFileReference; lastKnownFileType = folder.assetcatalog; path = "Preview Assets.xcassets"; sourceTree = "<group>"; };
		A095A689249818BA001CFAB1 /* Base */ = {isa = PBXFileReference; lastKnownFileType = file.storyboard; name = Base; path = Base.lproj/LaunchScreen.storyboard; sourceTree = "<group>"; };
		A095A68B249818BA001CFAB1 /* Info.plist */ = {isa = PBXFileReference; lastKnownFileType = text.plist.xml; path = Info.plist; sourceTree = "<group>"; };
		A095A69124981902001CFAB1 /* ImagePicker.swift */ = {isa = PBXFileReference; lastKnownFileType = sourcecode.swift; path = ImagePicker.swift; sourceTree = "<group>"; };
		A095A69324981BD3001CFAB1 /* PhotoCaptureView.swift */ = {isa = PBXFileReference; lastKnownFileType = sourcecode.swift; path = PhotoCaptureView.swift; sourceTree = "<group>"; };
/* End PBXFileReference section */

/* Begin PBXFrameworksBuildPhase section */
		A095A677249818B8001CFAB1 /* Frameworks */ = {
			isa = PBXFrameworksBuildPhase;
			buildActionMask = 2147483647;
			files = (
			);
			runOnlyForDeploymentPostprocessing = 0;
		};
/* End PBXFrameworksBuildPhase section */

/* Begin PBXGroup section */
		A095A671249818B8001CFAB1 = {
			isa = PBXGroup;
			children = (
				A095A67C249818B8001CFAB1 /* SwiftRecipes */,
				A095A67B249818B8001CFAB1 /* Products */,
			);
			sourceTree = "<group>";
		};
		A095A67B249818B8001CFAB1 /* Products */ = {
			isa = PBXGroup;
			children = (
				A095A67A249818B8001CFAB1 /* ImagePicker.app */,
			);
			name = Products;
			sourceTree = "<group>";
		};
		A095A67C249818B8001CFAB1 /* SwiftRecipes */ = {
			isa = PBXGroup;
			children = (
				A095A67D249818B8001CFAB1 /* AppDelegate.swift */,
				A095A67F249818B8001CFAB1 /* SceneDelegate.swift */,
				A095A681249818B8001CFAB1 /* ContentView.swift */,
				A095A69324981BD3001CFAB1 /* PhotoCaptureView.swift */,
				A095A683249818BA001CFAB1 /* Assets.xcassets */,
				A095A688249818BA001CFAB1 /* LaunchScreen.storyboard */,
				A095A68B249818BA001CFAB1 /* Info.plist */,
				A095A685249818BA001CFAB1 /* Preview Content */,
				A095A69124981902001CFAB1 /* ImagePicker.swift */,
			);
			path = SwiftRecipes;
			sourceTree = "<group>";
		};
		A095A685249818BA001CFAB1 /* Preview Content */ = {
			isa = PBXGroup;
			children = (
				A095A686249818BA001CFAB1 /* Preview Assets.xcassets */,
			);
			path = "Preview Content";
			sourceTree = "<group>";
		};
/* End PBXGroup section */

/* Begin PBXNativeTarget section */
		A095A679249818B8001CFAB1 /* SwiftRecipes */ = {
			isa = PBXNativeTarget;
			buildConfigurationList = A095A68E249818BA001CFAB1 /* Build configuration list for PBXNativeTarget "SwiftRecipes" */;
			buildPhases = (
				A095A676249818B8001CFAB1 /* Sources */,
				A095A677249818B8001CFAB1 /* Frameworks */,
				A095A678249818B8001CFAB1 /* Resources */,
			);
			buildRules = (
			);
			dependencies = (
			);
			name = SwiftRecipes;
			productName = SwiftRecipes;
			productReference = A095A67A249818B8001CFAB1 /* ImagePicker.app */;
			productType = "com.apple.product-type.application";
		};
/* End PBXNativeTarget section */

/* Begin PBXProject section */
		A095A672249818B8001CFAB1 /* Project object */ = {
			isa = PBXProject;
			attributes = {
				LastSwiftUpdateCheck = 1140;
				LastUpgradeCheck = 1140;
				ORGANIZATIONNAME = "George Sun";
				TargetAttributes = {
					A095A679249818B8001CFAB1 = {
						CreatedOnToolsVersion = 11.4.1;
					};
				};
			};
			buildConfigurationList = A095A675249818B8001CFAB1 /* Build configuration list for PBXProject "SwiftRecipes" */;
			compatibilityVersion = "Xcode 9.3";
			developmentRegion = en;
			hasScannedForEncodings = 0;
			knownRegions = (
				en,
				Base,
			);
			mainGroup = A095A671249818B8001CFAB1;
			productRefGroup = A095A67B249818B8001CFAB1 /* Products */;
			projectDirPath = "";
			projectRoot = "";
			targets = (
				A095A679249818B8001CFAB1 /* SwiftRecipes */,
			);
		};
/* End PBXProject section */

/* Begin PBXResourcesBuildPhase section */
		A095A678249818B8001CFAB1 /* Resources */ = {
			isa = PBXResourcesBuildPhase;
			buildActionMask = 2147483647;
			files = (
				A095A68A249818BA001CFAB1 /* LaunchScreen.storyboard in Resources */,
				A095A687249818BA001CFAB1 /* Preview Assets.xcassets in Resources */,
				A095A684249818BA001CFAB1 /* Assets.xcassets in Resources */,
			);
			runOnlyForDeploymentPostprocessing = 0;
		};
/* End PBXResourcesBuildPhase section */

/* Begin PBXSourcesBuildPhase section */
		A095A676249818B8001CFAB1 /* Sources */ = {
			isa = PBXSourcesBuildPhase;
			buildActionMask = 2147483647;
			files = (
				A095A67E249818B8001CFAB1 /* AppDelegate.swift in Sources */,
				A095A69224981902001CFAB1 /* ImagePicker.swift in Sources */,
				A095A680249818B8001CFAB1 /* SceneDelegate.swift in Sources */,
				A095A682249818B8001CFAB1 /* ContentView.swift in Sources */,
				A095A69424981BD3001CFAB1 /* PhotoCaptureView.swift in Sources */,
			);
			runOnlyForDeploymentPostprocessing = 0;
		};
/* End PBXSourcesBuildPhase section */

/* Begin PBXVariantGroup section */
		A095A688249818BA001CFAB1 /* LaunchScreen.storyboard */ = {
			isa = PBXVariantGroup;
			children = (
				A095A689249818BA001CFAB1 /* Base */,
			);
			name = LaunchScreen.storyboard;
			sourceTree = "<group>";
		};
/* End PBXVariantGroup section */

/* Begin XCBuildConfiguration section */
		A095A68C249818BA001CFAB1 /* Debug */ = {
			isa = XCBuildConfiguration;
			buildSettings = {
				ALWAYS_SEARCH_USER_PATHS = NO;
				CLANG_ANALYZER_NONNULL = YES;
				CLANG_ANALYZER_NUMBER_OBJECT_CONVERSION = YES_AGGRESSIVE;
				CLANG_CXX_LANGUAGE_STANDARD = "gnu++14";
				CLANG_CXX_LIBRARY = "libc++";
				CLANG_ENABLE_MODULES = YES;
				CLANG_ENABLE_OBJC_ARC = YES;
				CLANG_ENABLE_OBJC_WEAK = YES;
				CLANG_WARN_BLOCK_CAPTURE_AUTORELEASING = YES;
				CLANG_WARN_BOOL_CONVERSION = YES;
				CLANG_WARN_COMMA = YES;
				CLANG_WARN_CONSTANT_CONVERSION = YES;
				CLANG_WARN_DEPRECATED_OBJC_IMPLEMENTATIONS = YES;
				CLANG_WARN_DIRECT_OBJC_ISA_USAGE = YES_ERROR;
				CLANG_WARN_DOCUMENTATION_COMMENTS = YES;
				CLANG_WARN_EMPTY_BODY = YES;
				CLANG_WARN_ENUM_CONVERSION = YES;
				CLANG_WARN_INFINITE_RECURSION = YES;
				CLANG_WARN_INT_CONVERSION = YES;
				CLANG_WARN_NON_LITERAL_NULL_CONVERSION = YES;
				CLANG_WARN_OBJC_IMPLICIT_RETAIN_SELF = YES;
				CLANG_WARN_OBJC_LITERAL_CONVERSION = YES;
				CLANG_WARN_OBJC_ROOT_CLASS = YES_ERROR;
				CLANG_WARN_RANGE_LOOP_ANALYSIS = YES;
				CLANG_WARN_STRICT_PROTOTYPES = YES;
				CLANG_WARN_SUSPICIOUS_MOVE = YES;
				CLANG_WARN_UNGUARDED_AVAILABILITY = YES_AGGRESSIVE;
				CLANG_WARN_UNREACHABLE_CODE = YES;
				CLANG_WARN__DUPLICATE_METHOD_MATCH = YES;
				COPY_PHASE_STRIP = NO;
				DEBUG_INFORMATION_FORMAT = dwarf;
				ENABLE_STRICT_OBJC_MSGSEND = YES;
				ENABLE_TESTABILITY = YES;
				GCC_C_LANGUAGE_STANDARD = gnu11;
				GCC_DYNAMIC_NO_PIC = NO;
				GCC_NO_COMMON_BLOCKS = YES;
				GCC_OPTIMIZATION_LEVEL = 0;
				GCC_PREPROCESSOR_DEFINITIONS = (
					"DEBUG=1",
					"$(inherited)",
				);
				GCC_WARN_64_TO_32_BIT_CONVERSION = YES;
				GCC_WARN_ABOUT_RETURN_TYPE = YES_ERROR;
				GCC_WARN_UNDECLARED_SELECTOR = YES;
				GCC_WARN_UNINITIALIZED_AUTOS = YES_AGGRESSIVE;
				GCC_WARN_UNUSED_FUNCTION = YES;
				GCC_WARN_UNUSED_VARIABLE = YES;
				IPHONEOS_DEPLOYMENT_TARGET = 13.4;
				MTL_ENABLE_DEBUG_INFO = INCLUDE_SOURCE;
				MTL_FAST_MATH = YES;
				ONLY_ACTIVE_ARCH = YES;
				SDKROOT = iphoneos;
				SWIFT_ACTIVE_COMPILATION_CONDITIONS = DEBUG;
				SWIFT_OPTIMIZATION_LEVEL = "-Onone";
			};
			name = Debug;
		};
		A095A68D249818BA001CFAB1 /* Release */ = {
			isa = XCBuildConfiguration;
			buildSettings = {
				ALWAYS_SEARCH_USER_PATHS = NO;
				CLANG_ANALYZER_NONNULL = YES;
				CLANG_ANALYZER_NUMBER_OBJECT_CONVERSION = YES_AGGRESSIVE;
				CLANG_CXX_LANGUAGE_STANDARD = "gnu++14";
				CLANG_CXX_LIBRARY = "libc++";
				CLANG_ENABLE_MODULES = YES;
				CLANG_ENABLE_OBJC_ARC = YES;
				CLANG_ENABLE_OBJC_WEAK = YES;
				CLANG_WARN_BLOCK_CAPTURE_AUTORELEASING = YES;
				CLANG_WARN_BOOL_CONVERSION = YES;
				CLANG_WARN_COMMA = YES;
				CLANG_WARN_CONSTANT_CONVERSION = YES;
				CLANG_WARN_DEPRECATED_OBJC_IMPLEMENTATIONS = YES;
				CLANG_WARN_DIRECT_OBJC_ISA_USAGE = YES_ERROR;
				CLANG_WARN_DOCUMENTATION_COMMENTS = YES;
				CLANG_WARN_EMPTY_BODY = YES;
				CLANG_WARN_ENUM_CONVERSION = YES;
				CLANG_WARN_INFINITE_RECURSION = YES;
				CLANG_WARN_INT_CONVERSION = YES;
				CLANG_WARN_NON_LITERAL_NULL_CONVERSION = YES;
				CLANG_WARN_OBJC_IMPLICIT_RETAIN_SELF = YES;
				CLANG_WARN_OBJC_LITERAL_CONVERSION = YES;
				CLANG_WARN_OBJC_ROOT_CLASS = YES_ERROR;
				CLANG_WARN_RANGE_LOOP_ANALYSIS = YES;
				CLANG_WARN_STRICT_PROTOTYPES = YES;
				CLANG_WARN_SUSPICIOUS_MOVE = YES;
				CLANG_WARN_UNGUARDED_AVAILABILITY = YES_AGGRESSIVE;
				CLANG_WARN_UNREACHABLE_CODE = YES;
				CLANG_WARN__DUPLICATE_METHOD_MATCH = YES;
				COPY_PHASE_STRIP = NO;
				DEBUG_INFORMATION_FORMAT = "dwarf-with-dsym";
				ENABLE_NS_ASSERTIONS = NO;
				ENABLE_STRICT_OBJC_MSGSEND = YES;
				GCC_C_LANGUAGE_STANDARD = gnu11;
				GCC_NO_COMMON_BLOCKS = YES;
				GCC_WARN_64_TO_32_BIT_CONVERSION = YES;
				GCC_WARN_ABOUT_RETURN_TYPE = YES_ERROR;
				GCC_WARN_UNDECLARED_SELECTOR = YES;
				GCC_WARN_UNINITIALIZED_AUTOS = YES_AGGRESSIVE;
				GCC_WARN_UNUSED_FUNCTION = YES;
				GCC_WARN_UNUSED_VARIABLE = YES;
				IPHONEOS_DEPLOYMENT_TARGET = 13.4;
				MTL_ENABLE_DEBUG_INFO = NO;
				MTL_FAST_MATH = YES;
				SDKROOT = iphoneos;
				SWIFT_COMPILATION_MODE = wholemodule;
				SWIFT_OPTIMIZATION_LEVEL = "-O";
				VALIDATE_PRODUCT = YES;
			};
			name = Release;
		};
		A095A68F249818BA001CFAB1 /* Debug */ = {
			isa = XCBuildConfiguration;
			buildSettings = {
				ASSETCATALOG_COMPILER_APPICON_NAME = AppIcon;
				CODE_SIGN_STYLE = Automatic;
				DEVELOPMENT_ASSET_PATHS = "\"SwiftRecipes/Preview Content\"";
				DEVELOPMENT_TEAM = UKD6B8266R;
				ENABLE_PREVIEWS = YES;
				INFOPLIST_FILE = SwiftRecipes/Info.plist;
				LD_RUNPATH_SEARCH_PATHS = (
					"$(inherited)",
					"@executable_path/Frameworks",
				);
				PRODUCT_BUNDLE_IDENTIFIER = com.example.ImagePicker;
				PRODUCT_NAME = ImagePicker;
				SWIFT_VERSION = 5.0;
				TARGETED_DEVICE_FAMILY = "1,2";
			};
			name = Debug;
		};
		A095A690249818BA001CFAB1 /* Release */ = {
			isa = XCBuildConfiguration;
			buildSettings = {
				ASSETCATALOG_COMPILER_APPICON_NAME = AppIcon;
				CODE_SIGN_STYLE = Automatic;
				DEVELOPMENT_ASSET_PATHS = "\"SwiftRecipes/Preview Content\"";
				DEVELOPMENT_TEAM = UKD6B8266R;
				ENABLE_PREVIEWS = YES;
				INFOPLIST_FILE = SwiftRecipes/Info.plist;
				LD_RUNPATH_SEARCH_PATHS = (
					"$(inherited)",
					"@executable_path/Frameworks",
				);
				PRODUCT_BUNDLE_IDENTIFIER = com.example.ImagePicker;
				PRODUCT_NAME = ImagePicker;
				SWIFT_VERSION = 5.0;
				TARGETED_DEVICE_FAMILY = "1,2";
			};
			name = Release;
		};
/* End XCBuildConfiguration section */

/* Begin XCConfigurationList section */
		A095A675249818B8001CFAB1 /* Build configuration list for PBXProject "SwiftRecipes" */ = {
			isa = XCConfigurationList;
			buildConfigurations = (
				A095A68C249818BA001CFAB1 /* Debug */,
				A095A68D249818BA001CFAB1 /* Release */,
			);
			defaultConfigurationIsVisible = 0;
			defaultConfigurationName = Release;
		};
		A095A68E249818BA001CFAB1 /* Build configuration list for PBXNativeTarget "SwiftRecipes" */ = {
			isa = XCConfigurationList;
			buildConfigurations = (
				A095A68F249818BA001CFAB1 /* Debug */,
				A095A690249818BA001CFAB1 /* Release */,
			);
			defaultConfigurationIsVisible = 0;
			defaultConfigurationName = Release;
		};
/* End XCConfigurationList section */
	};
	rootObject = A095A672249818B8001CFAB1 /* Project object */;
}
